// !$*UTF8*$!
{
	archiveVersion = 1;
	classes = {
	};
	objectVersion = 51;
	objects = {

/* Begin PBXBuildFile section */
		5C40174D212E9BAE004B19B3 /* SHMessageFrame.m in Sources */ = {isa = PBXBuildFile; fileRef = 5C4016D6212E9BAE004B19B3 /* SHMessageFrame.m */; };
		5C40174E212E9BAE004B19B3 /* SHMessage.m in Sources */ = {isa = PBXBuildFile; fileRef = 5C4016D8212E9BAE004B19B3 /* SHMessage.m */; };
		5C40174F212E9BAE004B19B3 /* SHMessageType.m in Sources */ = {isa = PBXBuildFile; fileRef = 5C4016DA212E9BAE004B19B3 /* SHMessageType.m */; };
		5C401750212E9BAE004B19B3 /* SHMessageTableViewCell.m in Sources */ = {isa = PBXBuildFile; fileRef = 5C4016DF212E9BAE004B19B3 /* SHMessageTableViewCell.m */; };
		5C401751212E9BAE004B19B3 /* SHChatMessageViewController.m in Sources */ = {isa = PBXBuildFile; fileRef = 5C4016E1212E9BAE004B19B3 /* SHChatMessageViewController.m */; };
		5C401752212E9BAE004B19B3 /* SHMenuController.m in Sources */ = {isa = PBXBuildFile; fileRef = 5C4016E6212E9BAE004B19B3 /* SHMenuController.m */; };
		5C401753212E9BAE004B19B3 /* SHMessageVoiceHUD.m in Sources */ = {isa = PBXBuildFile; fileRef = 5C4016E8212E9BAE004B19B3 /* SHMessageVoiceHUD.m */; };
		5C401754212E9BAE004B19B3 /* SHTextView.m in Sources */ = {isa = PBXBuildFile; fileRef = 5C4016ED212E9BAE004B19B3 /* SHTextView.m */; };
		5C401755212E9BAE004B19B3 /* SHActivityIndicatorView.m in Sources */ = {isa = PBXBuildFile; fileRef = 5C4016EE212E9BAE004B19B3 /* SHActivityIndicatorView.m */; };
		5C401757212E9BAE004B19B3 /* SHMessageInputView.m in Sources */ = {isa = PBXBuildFile; fileRef = 5C4016F3212E9BAE004B19B3 /* SHMessageInputView.m */; };
		5C401758212E9BAE004B19B3 /* SHShareMenuView.m in Sources */ = {isa = PBXBuildFile; fileRef = 5C4016F6212E9BAE004B19B3 /* SHShareMenuView.m */; };
		5C401759212E9BAE004B19B3 /* SHShareMenuItem.m in Sources */ = {isa = PBXBuildFile; fileRef = 5C4016F7212E9BAE004B19B3 /* SHShareMenuItem.m */; };
		5C401761212E9BAE004B19B3 /* SHAudioPlayerHelper.m in Sources */ = {isa = PBXBuildFile; fileRef = 5C401712212E9BAE004B19B3 /* SHAudioPlayerHelper.m */; };
		5C401762212E9BAE004B19B3 /* SHAudioRecordHelper.m in Sources */ = {isa = PBXBuildFile; fileRef = 5C401713212E9BAE004B19B3 /* SHAudioRecordHelper.m */; };
		5C401763212E9BAE004B19B3 /* SHMessageHelper.m in Sources */ = {isa = PBXBuildFile; fileRef = 5C401716212E9BAE004B19B3 /* SHMessageHelper.m */; };
		5C401764212E9BAE004B19B3 /* SHFileHelper.m in Sources */ = {isa = PBXBuildFile; fileRef = 5C40171A212E9BAE004B19B3 /* SHFileHelper.m */; };
		5C401765212E9BAE004B19B3 /* SHChatMessageLocationViewController.m in Sources */ = {isa = PBXBuildFile; fileRef = 5C40171E212E9BAE004B19B3 /* SHChatMessageLocationViewController.m */; };
		5C401766212E9BAE004B19B3 /* SHLocation.m in Sources */ = {isa = PBXBuildFile; fileRef = 5C401721212E9BAE004B19B3 /* SHLocation.m */; };
		5C6945F320C6221E006D88A3 /* AppDelegate.m in Sources */ = {isa = PBXBuildFile; fileRef = 5C6945F220C6221E006D88A3 /* AppDelegate.m */; };
		5C6945F620C6221E006D88A3 /* ViewController.m in Sources */ = {isa = PBXBuildFile; fileRef = 5C6945F520C6221E006D88A3 /* ViewController.m */; };
		5C6945F920C6221E006D88A3 /* Main.storyboard in Resources */ = {isa = PBXBuildFile; fileRef = 5C6945F720C6221E006D88A3 /* Main.storyboard */; };
		5C6945FB20C6221F006D88A3 /* Assets.xcassets in Resources */ = {isa = PBXBuildFile; fileRef = 5C6945FA20C6221F006D88A3 /* Assets.xcassets */; };
		5C6945FE20C6221F006D88A3 /* LaunchScreen.storyboard in Resources */ = {isa = PBXBuildFile; fileRef = 5C6945FC20C6221F006D88A3 /* LaunchScreen.storyboard */; };
		5C69460120C6221F006D88A3 /* main.m in Sources */ = {isa = PBXBuildFile; fileRef = 5C69460020C6221F006D88A3 /* main.m */; };
		5C69460B20C6221F006D88A3 /* SHChatUITests.m in Sources */ = {isa = PBXBuildFile; fileRef = 5C69460A20C6221F006D88A3 /* SHChatUITests.m */; };
		5C69461620C6221F006D88A3 /* SHChatUIUITests.m in Sources */ = {isa = PBXBuildFile; fileRef = 5C69461520C6221F006D88A3 /* SHChatUIUITests.m */; };
		5C9452E821AE6DC8009BAEB9 /* SHTextTableViewCell.m in Sources */ = {isa = PBXBuildFile; fileRef = 5C9452E721AE6DC8009BAEB9 /* SHTextTableViewCell.m */; };
		5C9452EB21AE71E9009BAEB9 /* SHAudioTableViewCell.m in Sources */ = {isa = PBXBuildFile; fileRef = 5C9452EA21AE71E9009BAEB9 /* SHAudioTableViewCell.m */; };
		5C9452EE21AE777E009BAEB9 /* SHLocationTableViewCell.m in Sources */ = {isa = PBXBuildFile; fileRef = 5C9452ED21AE777E009BAEB9 /* SHLocationTableViewCell.m */; };
		5C9452F121AE7FE2009BAEB9 /* SHImageTableViewCell.m in Sources */ = {isa = PBXBuildFile; fileRef = 5C9452F021AE7FE2009BAEB9 /* SHImageTableViewCell.m */; };
		5C9452F421AE8068009BAEB9 /* SHNoteTableViewCell.m in Sources */ = {isa = PBXBuildFile; fileRef = 5C9452F321AE8068009BAEB9 /* SHNoteTableViewCell.m */; };
		5C9452F721AE8141009BAEB9 /* SHCardTableViewCell.m in Sources */ = {isa = PBXBuildFile; fileRef = 5C9452F621AE8141009BAEB9 /* SHCardTableViewCell.m */; };
		5C9452FA21AE82A2009BAEB9 /* SHGifTableViewCell.m in Sources */ = {isa = PBXBuildFile; fileRef = 5C9452F921AE82A2009BAEB9 /* SHGifTableViewCell.m */; };
		5C9452FD21AE843A009BAEB9 /* SHRedPaperTableViewCell.m in Sources */ = {isa = PBXBuildFile; fileRef = 5C9452FC21AE843A009BAEB9 /* SHRedPaperTableViewCell.m */; };
		5C94530021AE85C9009BAEB9 /* SHVideoTableViewCell.m in Sources */ = {isa = PBXBuildFile; fileRef = 5C9452FF21AE85C9009BAEB9 /* SHVideoTableViewCell.m */; };
		5CB76AA5219D6698005218A3 /* SHChatUI.bundle in Resources */ = {isa = PBXBuildFile; fileRef = 5CB76AA4219D6698005218A3 /* SHChatUI.bundle */; };
		8367654E2551599A0088C02F /* SHFileTableViewCell.m in Sources */ = {isa = PBXBuildFile; fileRef = 8367654D2551599A0088C02F /* SHFileTableViewCell.m */; };
		B60A0FEA2C296247E81759E5 /* libPods-SHChatUI.a in Frameworks */ = {isa = PBXBuildFile; fileRef = 1DA24F4CD281D21D1E8D3DC9 /* libPods-SHChatUI.a */; };
/* End PBXBuildFile section */

/* Begin PBXContainerItemProxy section */
		5C69460720C6221F006D88A3 /* PBXContainerItemProxy */ = {
			isa = PBXContainerItemProxy;
			containerPortal = 5C6945E620C6221D006D88A3 /* Project object */;
			proxyType = 1;
			remoteGlobalIDString = 5C6945ED20C6221D006D88A3;
			remoteInfo = SHChatUI;
		};
		5C69461220C6221F006D88A3 /* PBXContainerItemProxy */ = {
			isa = PBXContainerItemProxy;
			containerPortal = 5C6945E620C6221D006D88A3 /* Project object */;
			proxyType = 1;
			remoteGlobalIDString = 5C6945ED20C6221D006D88A3;
			remoteInfo = SHChatUI;
		};
/* End PBXContainerItemProxy section */

/* Begin PBXFileReference section */
		09364128E552D45E4CA47290 /* Pods-SHChatUI.release.xcconfig */ = {isa = PBXFileReference; includeInIndex = 1; lastKnownFileType = text.xcconfig; name = "Pods-SHChatUI.release.xcconfig"; path = "Pods/Target Support Files/Pods-SHChatUI/Pods-SHChatUI.release.xcconfig"; sourceTree = "<group>"; };
		1DA24F4CD281D21D1E8D3DC9 /* libPods-SHChatUI.a */ = {isa = PBXFileReference; explicitFileType = archive.ar; includeInIndex = 0; path = "libPods-SHChatUI.a"; sourceTree = BUILT_PRODUCTS_DIR; };
		5C4016D6212E9BAE004B19B3 /* SHMessageFrame.m */ = {isa = PBXFileReference; fileEncoding = 4; lastKnownFileType = sourcecode.c.objc; path = SHMessageFrame.m; sourceTree = "<group>"; };
		5C4016D7212E9BAE004B19B3 /* SHMessageType.h */ = {isa = PBXFileReference; fileEncoding = 4; lastKnownFileType = sourcecode.c.h; path = SHMessageType.h; sourceTree = "<group>"; };
		5C4016D8212E9BAE004B19B3 /* SHMessage.m */ = {isa = PBXFileReference; fileEncoding = 4; lastKnownFileType = sourcecode.c.objc; path = SHMessage.m; sourceTree = "<group>"; };
		5C4016D9212E9BAE004B19B3 /* SHMessageFrame.h */ = {isa = PBXFileReference; fileEncoding = 4; lastKnownFileType = sourcecode.c.h; path = SHMessageFrame.h; sourceTree = "<group>"; };
		5C4016DA212E9BAE004B19B3 /* SHMessageType.m */ = {isa = PBXFileReference; fileEncoding = 4; lastKnownFileType = sourcecode.c.objc; path = SHMessageType.m; sourceTree = "<group>"; };
		5C4016DB212E9BAE004B19B3 /* SHMessage.h */ = {isa = PBXFileReference; fileEncoding = 4; lastKnownFileType = sourcecode.c.h; path = SHMessage.h; sourceTree = "<group>"; };
		5C4016DC212E9BAE004B19B3 /* SHMessageHeader.h */ = {isa = PBXFileReference; fileEncoding = 4; lastKnownFileType = sourcecode.c.h; path = SHMessageHeader.h; sourceTree = "<group>"; };
		5C4016DE212E9BAE004B19B3 /* SHMessageTableViewCell.h */ = {isa = PBXFileReference; fileEncoding = 4; lastKnownFileType = sourcecode.c.h; path = SHMessageTableViewCell.h; sourceTree = "<group>"; };
		5C4016DF212E9BAE004B19B3 /* SHMessageTableViewCell.m */ = {isa = PBXFileReference; fileEncoding = 4; lastKnownFileType = sourcecode.c.objc; path = SHMessageTableViewCell.m; sourceTree = "<group>"; };
		5C4016E1212E9BAE004B19B3 /* SHChatMessageViewController.m */ = {isa = PBXFileReference; fileEncoding = 4; lastKnownFileType = sourcecode.c.objc; path = SHChatMessageViewController.m; sourceTree = "<group>"; };
		5C4016E2212E9BAE004B19B3 /* SHChatMessageViewController.h */ = {isa = PBXFileReference; fileEncoding = 4; lastKnownFileType = sourcecode.c.h; path = SHChatMessageViewController.h; sourceTree = "<group>"; };
		5C4016E5212E9BAE004B19B3 /* SHMenuController.h */ = {isa = PBXFileReference; fileEncoding = 4; lastKnownFileType = sourcecode.c.h; path = SHMenuController.h; sourceTree = "<group>"; };
		5C4016E6212E9BAE004B19B3 /* SHMenuController.m */ = {isa = PBXFileReference; fileEncoding = 4; lastKnownFileType = sourcecode.c.objc; path = SHMenuController.m; sourceTree = "<group>"; };
		5C4016E8212E9BAE004B19B3 /* SHMessageVoiceHUD.m */ = {isa = PBXFileReference; fileEncoding = 4; lastKnownFileType = sourcecode.c.objc; path = SHMessageVoiceHUD.m; sourceTree = "<group>"; };
		5C4016E9212E9BAE004B19B3 /* SHMessageVoiceHUD.h */ = {isa = PBXFileReference; fileEncoding = 4; lastKnownFileType = sourcecode.c.h; path = SHMessageVoiceHUD.h; sourceTree = "<group>"; };
		5C4016EC212E9BAE004B19B3 /* SHTextView.h */ = {isa = PBXFileReference; fileEncoding = 4; lastKnownFileType = sourcecode.c.h; path = SHTextView.h; sourceTree = "<group>"; };
		5C4016ED212E9BAE004B19B3 /* SHTextView.m */ = {isa = PBXFileReference; fileEncoding = 4; lastKnownFileType = sourcecode.c.objc; path = SHTextView.m; sourceTree = "<group>"; };
		5C4016EE212E9BAE004B19B3 /* SHActivityIndicatorView.m */ = {isa = PBXFileReference; fileEncoding = 4; lastKnownFileType = sourcecode.c.objc; path = SHActivityIndicatorView.m; sourceTree = "<group>"; };
		5C4016F0212E9BAE004B19B3 /* SHActivityIndicatorView.h */ = {isa = PBXFileReference; fileEncoding = 4; lastKnownFileType = sourcecode.c.h; path = SHActivityIndicatorView.h; sourceTree = "<group>"; };
		5C4016F3212E9BAE004B19B3 /* SHMessageInputView.m */ = {isa = PBXFileReference; fileEncoding = 4; lastKnownFileType = sourcecode.c.objc; path = SHMessageInputView.m; sourceTree = "<group>"; };
		5C4016F4212E9BAE004B19B3 /* SHMessageInputView.h */ = {isa = PBXFileReference; fileEncoding = 4; lastKnownFileType = sourcecode.c.h; path = SHMessageInputView.h; sourceTree = "<group>"; };
		5C4016F6212E9BAE004B19B3 /* SHShareMenuView.m */ = {isa = PBXFileReference; fileEncoding = 4; lastKnownFileType = sourcecode.c.objc; path = SHShareMenuView.m; sourceTree = "<group>"; };
		5C4016F7212E9BAE004B19B3 /* SHShareMenuItem.m */ = {isa = PBXFileReference; fileEncoding = 4; lastKnownFileType = sourcecode.c.objc; path = SHShareMenuItem.m; sourceTree = "<group>"; };
		5C4016F8212E9BAE004B19B3 /* SHShareMenuView.h */ = {isa = PBXFileReference; fileEncoding = 4; lastKnownFileType = sourcecode.c.h; path = SHShareMenuView.h; sourceTree = "<group>"; };
		5C4016F9212E9BAE004B19B3 /* SHShareMenuItem.h */ = {isa = PBXFileReference; fileEncoding = 4; lastKnownFileType = sourcecode.c.h; path = SHShareMenuItem.h; sourceTree = "<group>"; };
		5C4016FC212E9BAE004B19B3 /* SHAudioRecordHelper.h */ = {isa = PBXFileReference; fileEncoding = 4; lastKnownFileType = sourcecode.c.h; path = SHAudioRecordHelper.h; sourceTree = "<group>"; };
		5C401712212E9BAE004B19B3 /* SHAudioPlayerHelper.m */ = {isa = PBXFileReference; fileEncoding = 4; lastKnownFileType = sourcecode.c.objc; path = SHAudioPlayerHelper.m; sourceTree = "<group>"; };
		5C401713212E9BAE004B19B3 /* SHAudioRecordHelper.m */ = {isa = PBXFileReference; fileEncoding = 4; lastKnownFileType = sourcecode.c.objc; path = SHAudioRecordHelper.m; sourceTree = "<group>"; };
		5C401714212E9BAE004B19B3 /* SHAudioPlayerHelper.h */ = {isa = PBXFileReference; fileEncoding = 4; lastKnownFileType = sourcecode.c.h; path = SHAudioPlayerHelper.h; sourceTree = "<group>"; };
		5C401716212E9BAE004B19B3 /* SHMessageHelper.m */ = {isa = PBXFileReference; fileEncoding = 4; lastKnownFileType = sourcecode.c.objc; path = SHMessageHelper.m; sourceTree = "<group>"; };
		5C401717212E9BAE004B19B3 /* SHMessageHelper.h */ = {isa = PBXFileReference; fileEncoding = 4; lastKnownFileType = sourcecode.c.h; path = SHMessageHelper.h; sourceTree = "<group>"; };
		5C401719212E9BAE004B19B3 /* SHFileHelper.h */ = {isa = PBXFileReference; fileEncoding = 4; lastKnownFileType = sourcecode.c.h; path = SHFileHelper.h; sourceTree = "<group>"; };
		5C40171A212E9BAE004B19B3 /* SHFileHelper.m */ = {isa = PBXFileReference; fileEncoding = 4; lastKnownFileType = sourcecode.c.objc; path = SHFileHelper.m; sourceTree = "<group>"; };
		5C40171D212E9BAE004B19B3 /* SHChatMessageLocationViewController.h */ = {isa = PBXFileReference; fileEncoding = 4; lastKnownFileType = sourcecode.c.h; path = SHChatMessageLocationViewController.h; sourceTree = "<group>"; };
		5C40171E212E9BAE004B19B3 /* SHChatMessageLocationViewController.m */ = {isa = PBXFileReference; fileEncoding = 4; lastKnownFileType = sourcecode.c.objc; path = SHChatMessageLocationViewController.m; sourceTree = "<group>"; };
		5C401720212E9BAE004B19B3 /* SHLocation.h */ = {isa = PBXFileReference; fileEncoding = 4; lastKnownFileType = sourcecode.c.h; path = SHLocation.h; sourceTree = "<group>"; };
		5C401721212E9BAE004B19B3 /* SHLocation.m */ = {isa = PBXFileReference; fileEncoding = 4; lastKnownFileType = sourcecode.c.objc; path = SHLocation.m; sourceTree = "<group>"; };
		5C6945EE20C6221D006D88A3 /* SHChatUI.app */ = {isa = PBXFileReference; explicitFileType = wrapper.application; includeInIndex = 0; path = SHChatUI.app; sourceTree = BUILT_PRODUCTS_DIR; };
		5C6945F120C6221D006D88A3 /* AppDelegate.h */ = {isa = PBXFileReference; lastKnownFileType = sourcecode.c.h; path = AppDelegate.h; sourceTree = "<group>"; };
		5C6945F220C6221E006D88A3 /* AppDelegate.m */ = {isa = PBXFileReference; lastKnownFileType = sourcecode.c.objc; path = AppDelegate.m; sourceTree = "<group>"; };
		5C6945F420C6221E006D88A3 /* ViewController.h */ = {isa = PBXFileReference; lastKnownFileType = sourcecode.c.h; path = ViewController.h; sourceTree = "<group>"; };
		5C6945F520C6221E006D88A3 /* ViewController.m */ = {isa = PBXFileReference; lastKnownFileType = sourcecode.c.objc; path = ViewController.m; sourceTree = "<group>"; };
		5C6945F820C6221E006D88A3 /* Base */ = {isa = PBXFileReference; lastKnownFileType = file.storyboard; name = Base; path = Base.lproj/Main.storyboard; sourceTree = "<group>"; };
		5C6945FA20C6221F006D88A3 /* Assets.xcassets */ = {isa = PBXFileReference; lastKnownFileType = folder.assetcatalog; path = Assets.xcassets; sourceTree = "<group>"; };
		5C6945FD20C6221F006D88A3 /* Base */ = {isa = PBXFileReference; lastKnownFileType = file.storyboard; name = Base; path = Base.lproj/LaunchScreen.storyboard; sourceTree = "<group>"; };
		5C6945FF20C6221F006D88A3 /* Info.plist */ = {isa = PBXFileReference; lastKnownFileType = text.plist.xml; path = Info.plist; sourceTree = "<group>"; };
		5C69460020C6221F006D88A3 /* main.m */ = {isa = PBXFileReference; lastKnownFileType = sourcecode.c.objc; path = main.m; sourceTree = "<group>"; };
		5C69460620C6221F006D88A3 /* SHChatUITests.xctest */ = {isa = PBXFileReference; explicitFileType = wrapper.cfbundle; includeInIndex = 0; path = SHChatUITests.xctest; sourceTree = BUILT_PRODUCTS_DIR; };
		5C69460A20C6221F006D88A3 /* SHChatUITests.m */ = {isa = PBXFileReference; lastKnownFileType = sourcecode.c.objc; path = SHChatUITests.m; sourceTree = "<group>"; };
		5C69460C20C6221F006D88A3 /* Info.plist */ = {isa = PBXFileReference; lastKnownFileType = text.plist.xml; path = Info.plist; sourceTree = "<group>"; };
		5C69461120C6221F006D88A3 /* SHChatUIUITests.xctest */ = {isa = PBXFileReference; explicitFileType = wrapper.cfbundle; includeInIndex = 0; path = SHChatUIUITests.xctest; sourceTree = BUILT_PRODUCTS_DIR; };
		5C69461520C6221F006D88A3 /* SHChatUIUITests.m */ = {isa = PBXFileReference; lastKnownFileType = sourcecode.c.objc; path = SHChatUIUITests.m; sourceTree = "<group>"; };
		5C69461720C6221F006D88A3 /* Info.plist */ = {isa = PBXFileReference; lastKnownFileType = text.plist.xml; path = Info.plist; sourceTree = "<group>"; };
		5C9452E621AE6DC8009BAEB9 /* SHTextTableViewCell.h */ = {isa = PBXFileReference; lastKnownFileType = sourcecode.c.h; path = SHTextTableViewCell.h; sourceTree = "<group>"; };
		5C9452E721AE6DC8009BAEB9 /* SHTextTableViewCell.m */ = {isa = PBXFileReference; lastKnownFileType = sourcecode.c.objc; path = SHTextTableViewCell.m; sourceTree = "<group>"; };
		5C9452E921AE71E9009BAEB9 /* SHAudioTableViewCell.h */ = {isa = PBXFileReference; lastKnownFileType = sourcecode.c.h; path = SHAudioTableViewCell.h; sourceTree = "<group>"; };
		5C9452EA21AE71E9009BAEB9 /* SHAudioTableViewCell.m */ = {isa = PBXFileReference; lastKnownFileType = sourcecode.c.objc; path = SHAudioTableViewCell.m; sourceTree = "<group>"; };
		5C9452EC21AE777E009BAEB9 /* SHLocationTableViewCell.h */ = {isa = PBXFileReference; lastKnownFileType = sourcecode.c.h; path = SHLocationTableViewCell.h; sourceTree = "<group>"; };
		5C9452ED21AE777E009BAEB9 /* SHLocationTableViewCell.m */ = {isa = PBXFileReference; lastKnownFileType = sourcecode.c.objc; path = SHLocationTableViewCell.m; sourceTree = "<group>"; };
		5C9452EF21AE7FE2009BAEB9 /* SHImageTableViewCell.h */ = {isa = PBXFileReference; lastKnownFileType = sourcecode.c.h; path = SHImageTableViewCell.h; sourceTree = "<group>"; };
		5C9452F021AE7FE2009BAEB9 /* SHImageTableViewCell.m */ = {isa = PBXFileReference; lastKnownFileType = sourcecode.c.objc; path = SHImageTableViewCell.m; sourceTree = "<group>"; };
		5C9452F221AE8068009BAEB9 /* SHNoteTableViewCell.h */ = {isa = PBXFileReference; lastKnownFileType = sourcecode.c.h; path = SHNoteTableViewCell.h; sourceTree = "<group>"; };
		5C9452F321AE8068009BAEB9 /* SHNoteTableViewCell.m */ = {isa = PBXFileReference; lastKnownFileType = sourcecode.c.objc; path = SHNoteTableViewCell.m; sourceTree = "<group>"; };
		5C9452F521AE8141009BAEB9 /* SHCardTableViewCell.h */ = {isa = PBXFileReference; lastKnownFileType = sourcecode.c.h; path = SHCardTableViewCell.h; sourceTree = "<group>"; };
		5C9452F621AE8141009BAEB9 /* SHCardTableViewCell.m */ = {isa = PBXFileReference; lastKnownFileType = sourcecode.c.objc; path = SHCardTableViewCell.m; sourceTree = "<group>"; };
		5C9452F821AE82A2009BAEB9 /* SHGifTableViewCell.h */ = {isa = PBXFileReference; lastKnownFileType = sourcecode.c.h; path = SHGifTableViewCell.h; sourceTree = "<group>"; };
		5C9452F921AE82A2009BAEB9 /* SHGifTableViewCell.m */ = {isa = PBXFileReference; lastKnownFileType = sourcecode.c.objc; path = SHGifTableViewCell.m; sourceTree = "<group>"; };
		5C9452FB21AE843A009BAEB9 /* SHRedPaperTableViewCell.h */ = {isa = PBXFileReference; lastKnownFileType = sourcecode.c.h; path = SHRedPaperTableViewCell.h; sourceTree = "<group>"; };
		5C9452FC21AE843A009BAEB9 /* SHRedPaperTableViewCell.m */ = {isa = PBXFileReference; lastKnownFileType = sourcecode.c.objc; path = SHRedPaperTableViewCell.m; sourceTree = "<group>"; };
		5C9452FE21AE85C9009BAEB9 /* SHVideoTableViewCell.h */ = {isa = PBXFileReference; lastKnownFileType = sourcecode.c.h; path = SHVideoTableViewCell.h; sourceTree = "<group>"; };
		5C9452FF21AE85C9009BAEB9 /* SHVideoTableViewCell.m */ = {isa = PBXFileReference; lastKnownFileType = sourcecode.c.objc; path = SHVideoTableViewCell.m; sourceTree = "<group>"; };
		5CB76AA4219D6698005218A3 /* SHChatUI.bundle */ = {isa = PBXFileReference; lastKnownFileType = "wrapper.plug-in"; path = SHChatUI.bundle; sourceTree = "<group>"; };
		8367654C2551599A0088C02F /* SHFileTableViewCell.h */ = {isa = PBXFileReference; lastKnownFileType = sourcecode.c.h; path = SHFileTableViewCell.h; sourceTree = "<group>"; };
		8367654D2551599A0088C02F /* SHFileTableViewCell.m */ = {isa = PBXFileReference; lastKnownFileType = sourcecode.c.objc; path = SHFileTableViewCell.m; sourceTree = "<group>"; };
		B8DD6D491E65A756784D9135 /* Pods-SHChatUI.debug.xcconfig */ = {isa = PBXFileReference; includeInIndex = 1; lastKnownFileType = text.xcconfig; name = "Pods-SHChatUI.debug.xcconfig"; path = "Pods/Target Support Files/Pods-SHChatUI/Pods-SHChatUI.debug.xcconfig"; sourceTree = "<group>"; };
/* End PBXFileReference section */

/* Begin PBXFrameworksBuildPhase section */
		5C6945EB20C6221D006D88A3 /* Frameworks */ = {
			isa = PBXFrameworksBuildPhase;
			buildActionMask = 2147483647;
			files = (
				B60A0FEA2C296247E81759E5 /* libPods-SHChatUI.a in Frameworks */,
			);
			runOnlyForDeploymentPostprocessing = 0;
		};
		5C69460320C6221F006D88A3 /* Frameworks */ = {
			isa = PBXFrameworksBuildPhase;
			buildActionMask = 2147483647;
			files = (
			);
			runOnlyForDeploymentPostprocessing = 0;
		};
		5C69460E20C6221F006D88A3 /* Frameworks */ = {
			isa = PBXFrameworksBuildPhase;
			buildActionMask = 2147483647;
			files = (
			);
			runOnlyForDeploymentPostprocessing = 0;
		};
/* End PBXFrameworksBuildPhase section */

/* Begin PBXGroup section */
		5C4016A4212E9BAE004B19B3 /* SHChatUI(微信) */ = {
			isa = PBXGroup;
			children = (
				5CB76AA4219D6698005218A3 /* SHChatUI.bundle */,
				5C4016DC212E9BAE004B19B3 /* SHMessageHeader.h */,
				5C4016A6212E9BAE004B19B3 /* Category(类别) */,
				5C4016D5212E9BAE004B19B3 /* Models */,
				5C4016DD212E9BAE004B19B3 /* Cell */,
				5C4016E0212E9BAE004B19B3 /* Controllers */,
				5C4016E3212E9BAE004B19B3 /* Views */,
				5C4016FA212E9BAE004B19B3 /* Helper */,
			);
			path = "SHChatUI(微信)";
			sourceTree = "<group>";
		};
		5C4016A6212E9BAE004B19B3 /* Category(类别) */ = {
			isa = PBXGroup;
			children = (
			);
			path = "Category(类别)";
			sourceTree = "<group>";
		};
		5C4016D5212E9BAE004B19B3 /* Models */ = {
			isa = PBXGroup;
			children = (
				5C4016D9212E9BAE004B19B3 /* SHMessageFrame.h */,
				5C4016D6212E9BAE004B19B3 /* SHMessageFrame.m */,
				5C4016D7212E9BAE004B19B3 /* SHMessageType.h */,
				5C4016DA212E9BAE004B19B3 /* SHMessageType.m */,
				5C4016DB212E9BAE004B19B3 /* SHMessage.h */,
				5C4016D8212E9BAE004B19B3 /* SHMessage.m */,
			);
			path = Models;
			sourceTree = "<group>";
		};
		5C4016DD212E9BAE004B19B3 /* Cell */ = {
			isa = PBXGroup;
			children = (
				5C4016DE212E9BAE004B19B3 /* SHMessageTableViewCell.h */,
				5C4016DF212E9BAE004B19B3 /* SHMessageTableViewCell.m */,
				5C9452E621AE6DC8009BAEB9 /* SHTextTableViewCell.h */,
				5C9452E721AE6DC8009BAEB9 /* SHTextTableViewCell.m */,
				5C9452EF21AE7FE2009BAEB9 /* SHImageTableViewCell.h */,
				5C9452F021AE7FE2009BAEB9 /* SHImageTableViewCell.m */,
				5C9452E921AE71E9009BAEB9 /* SHAudioTableViewCell.h */,
				5C9452EA21AE71E9009BAEB9 /* SHAudioTableViewCell.m */,
				5C9452EC21AE777E009BAEB9 /* SHLocationTableViewCell.h */,
				5C9452ED21AE777E009BAEB9 /* SHLocationTableViewCell.m */,
				5C9452F221AE8068009BAEB9 /* SHNoteTableViewCell.h */,
				5C9452F321AE8068009BAEB9 /* SHNoteTableViewCell.m */,
				5C9452F521AE8141009BAEB9 /* SHCardTableViewCell.h */,
				5C9452F621AE8141009BAEB9 /* SHCardTableViewCell.m */,
				5C9452F821AE82A2009BAEB9 /* SHGifTableViewCell.h */,
				5C9452F921AE82A2009BAEB9 /* SHGifTableViewCell.m */,
				5C9452FB21AE843A009BAEB9 /* SHRedPaperTableViewCell.h */,
				5C9452FC21AE843A009BAEB9 /* SHRedPaperTableViewCell.m */,
				5C9452FE21AE85C9009BAEB9 /* SHVideoTableViewCell.h */,
				5C9452FF21AE85C9009BAEB9 /* SHVideoTableViewCell.m */,
				8367654C2551599A0088C02F /* SHFileTableViewCell.h */,
				8367654D2551599A0088C02F /* SHFileTableViewCell.m */,
			);
			path = Cell;
			sourceTree = "<group>";
		};
		5C4016E0212E9BAE004B19B3 /* Controllers */ = {
			isa = PBXGroup;
			children = (
				5C4016E2212E9BAE004B19B3 /* SHChatMessageViewController.h */,
				5C4016E1212E9BAE004B19B3 /* SHChatMessageViewController.m */,
			);
			path = Controllers;
			sourceTree = "<group>";
		};
		5C4016E3212E9BAE004B19B3 /* Views */ = {
			isa = PBXGroup;
			children = (
				5C4016F4212E9BAE004B19B3 /* SHMessageInputView.h */,
				5C4016F3212E9BAE004B19B3 /* SHMessageInputView.m */,
				5C4016E5212E9BAE004B19B3 /* SHMenuController.h */,
				5C4016E6212E9BAE004B19B3 /* SHMenuController.m */,
				5C4016E7212E9BAE004B19B3 /* MessageHelperView(语音) */,
				5C4016EA212E9BAE004B19B3 /* MessageContentView(消息内容) */,
				5C4016F5212E9BAE004B19B3 /* MessageMenuView(多媒体菜单) */,
			);
			path = Views;
			sourceTree = "<group>";
		};
		5C4016E7212E9BAE004B19B3 /* MessageHelperView(语音) */ = {
			isa = PBXGroup;
			children = (
				5C4016E9212E9BAE004B19B3 /* SHMessageVoiceHUD.h */,
				5C4016E8212E9BAE004B19B3 /* SHMessageVoiceHUD.m */,
			);
			path = "MessageHelperView(语音)";
			sourceTree = "<group>";
		};
		5C4016EA212E9BAE004B19B3 /* MessageContentView(消息内容) */ = {
			isa = PBXGroup;
			children = (
				5C4016EC212E9BAE004B19B3 /* SHTextView.h */,
				5C4016ED212E9BAE004B19B3 /* SHTextView.m */,
				5C4016F0212E9BAE004B19B3 /* SHActivityIndicatorView.h */,
				5C4016EE212E9BAE004B19B3 /* SHActivityIndicatorView.m */,
			);
			path = "MessageContentView(消息内容)";
			sourceTree = "<group>";
		};
		5C4016F5212E9BAE004B19B3 /* MessageMenuView(多媒体菜单) */ = {
			isa = PBXGroup;
			children = (
				5C4016F8212E9BAE004B19B3 /* SHShareMenuView.h */,
				5C4016F6212E9BAE004B19B3 /* SHShareMenuView.m */,
				5C4016F9212E9BAE004B19B3 /* SHShareMenuItem.h */,
				5C4016F7212E9BAE004B19B3 /* SHShareMenuItem.m */,
			);
			path = "MessageMenuView(多媒体菜单)";
			sourceTree = "<group>";
		};
		5C4016FA212E9BAE004B19B3 /* Helper */ = {
			isa = PBXGroup;
			children = (
				5C4016FB212E9BAE004B19B3 /* AudioHelper(语音帮助类) */,
				5C401715212E9BAE004B19B3 /* MessageHelper(消息帮助类) */,
				5C401718212E9BAE004B19B3 /* FileHelper(文件帮助类) */,
				5C40171B212E9BAE004B19B3 /* MenuViewController(菜单控制器) */,
			);
			path = Helper;
			sourceTree = "<group>";
		};
		5C4016FB212E9BAE004B19B3 /* AudioHelper(语音帮助类) */ = {
			isa = PBXGroup;
			children = (
				5C4016FC212E9BAE004B19B3 /* SHAudioRecordHelper.h */,
				5C401713212E9BAE004B19B3 /* SHAudioRecordHelper.m */,
				5C401714212E9BAE004B19B3 /* SHAudioPlayerHelper.h */,
				5C401712212E9BAE004B19B3 /* SHAudioPlayerHelper.m */,
			);
			path = "AudioHelper(语音帮助类)";
			sourceTree = "<group>";
		};
		5C401715212E9BAE004B19B3 /* MessageHelper(消息帮助类) */ = {
			isa = PBXGroup;
			children = (
				5C401717212E9BAE004B19B3 /* SHMessageHelper.h */,
				5C401716212E9BAE004B19B3 /* SHMessageHelper.m */,
			);
			path = "MessageHelper(消息帮助类)";
			sourceTree = "<group>";
		};
		5C401718212E9BAE004B19B3 /* FileHelper(文件帮助类) */ = {
			isa = PBXGroup;
			children = (
				5C401719212E9BAE004B19B3 /* SHFileHelper.h */,
				5C40171A212E9BAE004B19B3 /* SHFileHelper.m */,
			);
			path = "FileHelper(文件帮助类)";
			sourceTree = "<group>";
		};
		5C40171B212E9BAE004B19B3 /* MenuViewController(菜单控制器) */ = {
			isa = PBXGroup;
			children = (
				5C40171C212E9BAE004B19B3 /* LocationVC(定位制器) */,
			);
			path = "MenuViewController(菜单控制器)";
			sourceTree = "<group>";
		};
		5C40171C212E9BAE004B19B3 /* LocationVC(定位制器) */ = {
			isa = PBXGroup;
			children = (
				5C40171D212E9BAE004B19B3 /* SHChatMessageLocationViewController.h */,
				5C40171E212E9BAE004B19B3 /* SHChatMessageLocationViewController.m */,
				5C40171F212E9BAE004B19B3 /* Model */,
			);
			path = "LocationVC(定位制器)";
			sourceTree = "<group>";
		};
		5C40171F212E9BAE004B19B3 /* Model */ = {
			isa = PBXGroup;
			children = (
				5C401720212E9BAE004B19B3 /* SHLocation.h */,
				5C401721212E9BAE004B19B3 /* SHLocation.m */,
			);
			path = Model;
			sourceTree = "<group>";
		};
		5C6945E520C6221D006D88A3 = {
			isa = PBXGroup;
			children = (
				5C6945F020C6221D006D88A3 /* SHChatUI */,
				5C69460920C6221F006D88A3 /* SHChatUITests */,
				5C69461420C6221F006D88A3 /* SHChatUIUITests */,
				5C6945EF20C6221D006D88A3 /* Products */,
				E7D5D7E709B3003C608F80A5 /* Pods */,
				C0A9645E3011CC171CB628F4 /* Frameworks */,
			);
			sourceTree = "<group>";
		};
		5C6945EF20C6221D006D88A3 /* Products */ = {
			isa = PBXGroup;
			children = (
				5C6945EE20C6221D006D88A3 /* SHChatUI.app */,
				5C69460620C6221F006D88A3 /* SHChatUITests.xctest */,
				5C69461120C6221F006D88A3 /* SHChatUIUITests.xctest */,
			);
			name = Products;
			sourceTree = "<group>";
		};
		5C6945F020C6221D006D88A3 /* SHChatUI */ = {
			isa = PBXGroup;
			children = (
				5C4016A4212E9BAE004B19B3 /* SHChatUI(微信) */,
				5C6945F120C6221D006D88A3 /* AppDelegate.h */,
				5C6945F220C6221E006D88A3 /* AppDelegate.m */,
				5C6945F420C6221E006D88A3 /* ViewController.h */,
				5C6945F520C6221E006D88A3 /* ViewController.m */,
				5C6945F720C6221E006D88A3 /* Main.storyboard */,
				5C6945FA20C6221F006D88A3 /* Assets.xcassets */,
				5C6945FC20C6221F006D88A3 /* LaunchScreen.storyboard */,
				5C6945FF20C6221F006D88A3 /* Info.plist */,
				5C69460020C6221F006D88A3 /* main.m */,
			);
			path = SHChatUI;
			sourceTree = "<group>";
		};
		5C69460920C6221F006D88A3 /* SHChatUITests */ = {
			isa = PBXGroup;
			children = (
				5C69460A20C6221F006D88A3 /* SHChatUITests.m */,
				5C69460C20C6221F006D88A3 /* Info.plist */,
			);
			path = SHChatUITests;
			sourceTree = "<group>";
		};
		5C69461420C6221F006D88A3 /* SHChatUIUITests */ = {
			isa = PBXGroup;
			children = (
				5C69461520C6221F006D88A3 /* SHChatUIUITests.m */,
				5C69461720C6221F006D88A3 /* Info.plist */,
			);
			path = SHChatUIUITests;
			sourceTree = "<group>";
		};
		C0A9645E3011CC171CB628F4 /* Frameworks */ = {
			isa = PBXGroup;
			children = (
				1DA24F4CD281D21D1E8D3DC9 /* libPods-SHChatUI.a */,
			);
			name = Frameworks;
			sourceTree = "<group>";
		};
		E7D5D7E709B3003C608F80A5 /* Pods */ = {
			isa = PBXGroup;
			children = (
				B8DD6D491E65A756784D9135 /* Pods-SHChatUI.debug.xcconfig */,
				09364128E552D45E4CA47290 /* Pods-SHChatUI.release.xcconfig */,
			);
			name = Pods;
			sourceTree = "<group>";
		};
/* End PBXGroup section */

/* Begin PBXNativeTarget section */
		5C6945ED20C6221D006D88A3 /* SHChatUI */ = {
			isa = PBXNativeTarget;
			buildConfigurationList = 5C69461A20C6221F006D88A3 /* Build configuration list for PBXNativeTarget "SHChatUI" */;
			buildPhases = (
				5DE5FABF19AE7D0888ED66CB /* [CP] Check Pods Manifest.lock */,
				5C6945EA20C6221D006D88A3 /* Sources */,
				5C6945EB20C6221D006D88A3 /* Frameworks */,
				5C6945EC20C6221D006D88A3 /* Resources */,
				296C28E68F986BBA8D21833E /* [CP] Copy Pods Resources */,
			);
			buildRules = (
			);
			dependencies = (
			);
			name = SHChatUI;
			productName = SHChatUI;
			productReference = 5C6945EE20C6221D006D88A3 /* SHChatUI.app */;
			productType = "com.apple.product-type.application";
		};
		5C69460520C6221F006D88A3 /* SHChatUITests */ = {
			isa = PBXNativeTarget;
			buildConfigurationList = 5C69461D20C6221F006D88A3 /* Build configuration list for PBXNativeTarget "SHChatUITests" */;
			buildPhases = (
				5C69460220C6221F006D88A3 /* Sources */,
				5C69460320C6221F006D88A3 /* Frameworks */,
				5C69460420C6221F006D88A3 /* Resources */,
			);
			buildRules = (
			);
			dependencies = (
				5C69460820C6221F006D88A3 /* PBXTargetDependency */,
			);
			name = SHChatUITests;
			productName = SHChatUITests;
			productReference = 5C69460620C6221F006D88A3 /* SHChatUITests.xctest */;
			productType = "com.apple.product-type.bundle.unit-test";
		};
		5C69461020C6221F006D88A3 /* SHChatUIUITests */ = {
			isa = PBXNativeTarget;
			buildConfigurationList = 5C69462020C6221F006D88A3 /* Build configuration list for PBXNativeTarget "SHChatUIUITests" */;
			buildPhases = (
				5C69460D20C6221F006D88A3 /* Sources */,
				5C69460E20C6221F006D88A3 /* Frameworks */,
				5C69460F20C6221F006D88A3 /* Resources */,
			);
			buildRules = (
			);
			dependencies = (
				5C69461320C6221F006D88A3 /* PBXTargetDependency */,
			);
			name = SHChatUIUITests;
			productName = SHChatUIUITests;
			productReference = 5C69461120C6221F006D88A3 /* SHChatUIUITests.xctest */;
			productType = "com.apple.product-type.bundle.ui-testing";
		};
/* End PBXNativeTarget section */

/* Begin PBXProject section */
		5C6945E620C6221D006D88A3 /* Project object */ = {
			isa = PBXProject;
			attributes = {
				LastUpgradeCheck = 0940;
				ORGANIZATIONNAME = CSH;
				TargetAttributes = {
					5C6945ED20C6221D006D88A3 = {
						CreatedOnToolsVersion = 9.4;
					};
					5C69460520C6221F006D88A3 = {
						CreatedOnToolsVersion = 9.4;
						TestTargetID = 5C6945ED20C6221D006D88A3;
					};
					5C69461020C6221F006D88A3 = {
						CreatedOnToolsVersion = 9.4;
						TestTargetID = 5C6945ED20C6221D006D88A3;
					};
				};
			};
			buildConfigurationList = 5C6945E920C6221D006D88A3 /* Build configuration list for PBXProject "SHChatUI" */;
			compatibilityVersion = "Xcode 9.3";
			developmentRegion = en;
			hasScannedForEncodings = 0;
			knownRegions = (
				en,
				Base,
			);
			mainGroup = 5C6945E520C6221D006D88A3;
			productRefGroup = 5C6945EF20C6221D006D88A3 /* Products */;
			projectDirPath = "";
			projectRoot = "";
			targets = (
				5C6945ED20C6221D006D88A3 /* SHChatUI */,
				5C69460520C6221F006D88A3 /* SHChatUITests */,
				5C69461020C6221F006D88A3 /* SHChatUIUITests */,
			);
		};
/* End PBXProject section */

/* Begin PBXResourcesBuildPhase section */
		5C6945EC20C6221D006D88A3 /* Resources */ = {
			isa = PBXResourcesBuildPhase;
			buildActionMask = 2147483647;
			files = (
				5CB76AA5219D6698005218A3 /* SHChatUI.bundle in Resources */,
				5C6945FE20C6221F006D88A3 /* LaunchScreen.storyboard in Resources */,
				5C6945FB20C6221F006D88A3 /* Assets.xcassets in Resources */,
				5C6945F920C6221E006D88A3 /* Main.storyboard in Resources */,
			);
			runOnlyForDeploymentPostprocessing = 0;
		};
		5C69460420C6221F006D88A3 /* Resources */ = {
			isa = PBXResourcesBuildPhase;
			buildActionMask = 2147483647;
			files = (
			);
			runOnlyForDeploymentPostprocessing = 0;
		};
		5C69460F20C6221F006D88A3 /* Resources */ = {
			isa = PBXResourcesBuildPhase;
			buildActionMask = 2147483647;
			files = (
			);
			runOnlyForDeploymentPostprocessing = 0;
		};
/* End PBXResourcesBuildPhase section */

/* Begin PBXShellScriptBuildPhase section */
		296C28E68F986BBA8D21833E /* [CP] Copy Pods Resources */ = {
			isa = PBXShellScriptBuildPhase;
			buildActionMask = 2147483647;
			files = (
			);
			inputFileListPaths = (
				"${PODS_ROOT}/Target Support Files/Pods-SHChatUI/Pods-SHChatUI-resources-${CONFIGURATION}-input-files.xcfilelist",
			);
			name = "[CP] Copy Pods Resources";
			outputFileListPaths = (
				"${PODS_ROOT}/Target Support Files/Pods-SHChatUI/Pods-SHChatUI-resources-${CONFIGURATION}-output-files.xcfilelist",
			);
			runOnlyForDeploymentPostprocessing = 0;
			shellPath = /bin/sh;
			shellScript = "\"${PODS_ROOT}/Target Support Files/Pods-SHChatUI/Pods-SHChatUI-resources.sh\"\n";
			showEnvVarsInLog = 0;
		};
		5DE5FABF19AE7D0888ED66CB /* [CP] Check Pods Manifest.lock */ = {
			isa = PBXShellScriptBuildPhase;
			buildActionMask = 2147483647;
			files = (
			);
			inputPaths = (
				"${PODS_PODFILE_DIR_PATH}/Podfile.lock",
				"${PODS_ROOT}/Manifest.lock",
			);
			name = "[CP] Check Pods Manifest.lock";
			outputPaths = (
				"$(DERIVED_FILE_DIR)/Pods-SHChatUI-checkManifestLockResult.txt",
			);
			runOnlyForDeploymentPostprocessing = 0;
			shellPath = /bin/sh;
			shellScript = "diff \"${PODS_PODFILE_DIR_PATH}/Podfile.lock\" \"${PODS_ROOT}/Manifest.lock\" > /dev/null\nif [ $? != 0 ] ; then\n    # print error to STDERR\n    echo \"error: The sandbox is not in sync with the Podfile.lock. Run 'pod install' or update your CocoaPods installation.\" >&2\n    exit 1\nfi\n# This output is used by Xcode 'outputs' to avoid re-running this script phase.\necho \"SUCCESS\" > \"${SCRIPT_OUTPUT_FILE_0}\"\n";
			showEnvVarsInLog = 0;
		};
/* End PBXShellScriptBuildPhase section */

/* Begin PBXSourcesBuildPhase section */
		5C6945EA20C6221D006D88A3 /* Sources */ = {
			isa = PBXSourcesBuildPhase;
			buildActionMask = 2147483647;
			files = (
				5C9452EB21AE71E9009BAEB9 /* SHAudioTableViewCell.m in Sources */,
				5C401757212E9BAE004B19B3 /* SHMessageInputView.m in Sources */,
				5C401765212E9BAE004B19B3 /* SHChatMessageLocationViewController.m in Sources */,
				5C40174F212E9BAE004B19B3 /* SHMessageType.m in Sources */,
				5C9452E821AE6DC8009BAEB9 /* SHTextTableViewCell.m in Sources */,
				5C9452FA21AE82A2009BAEB9 /* SHGifTableViewCell.m in Sources */,
				5C94530021AE85C9009BAEB9 /* SHVideoTableViewCell.m in Sources */,
				8367654E2551599A0088C02F /* SHFileTableViewCell.m in Sources */,
				5C401752212E9BAE004B19B3 /* SHMenuController.m in Sources */,
				5C401754212E9BAE004B19B3 /* SHTextView.m in Sources */,
				5C9452FD21AE843A009BAEB9 /* SHRedPaperTableViewCell.m in Sources */,
				5C6945F620C6221E006D88A3 /* ViewController.m in Sources */,
				5C401750212E9BAE004B19B3 /* SHMessageTableViewCell.m in Sources */,
				5C9452F721AE8141009BAEB9 /* SHCardTableViewCell.m in Sources */,
				5C401762212E9BAE004B19B3 /* SHAudioRecordHelper.m in Sources */,
				5C401761212E9BAE004B19B3 /* SHAudioPlayerHelper.m in Sources */,
				5C69460120C6221F006D88A3 /* main.m in Sources */,
				5C9452EE21AE777E009BAEB9 /* SHLocationTableViewCell.m in Sources */,
				5C401755212E9BAE004B19B3 /* SHActivityIndicatorView.m in Sources */,
				5C401766212E9BAE004B19B3 /* SHLocation.m in Sources */,
				5C6945F320C6221E006D88A3 /* AppDelegate.m in Sources */,
				5C401759212E9BAE004B19B3 /* SHShareMenuItem.m in Sources */,
				5C401758212E9BAE004B19B3 /* SHShareMenuView.m in Sources */,
				5C9452F421AE8068009BAEB9 /* SHNoteTableViewCell.m in Sources */,
				5C401751212E9BAE004B19B3 /* SHChatMessageViewController.m in Sources */,
				5C401763212E9BAE004B19B3 /* SHMessageHelper.m in Sources */,
				5C401764212E9BAE004B19B3 /* SHFileHelper.m in Sources */,
				5C401753212E9BAE004B19B3 /* SHMessageVoiceHUD.m in Sources */,
				5C9452F121AE7FE2009BAEB9 /* SHImageTableViewCell.m in Sources */,
				5C40174E212E9BAE004B19B3 /* SHMessage.m in Sources */,
				5C40174D212E9BAE004B19B3 /* SHMessageFrame.m in Sources */,
			);
			runOnlyForDeploymentPostprocessing = 0;
		};
		5C69460220C6221F006D88A3 /* Sources */ = {
			isa = PBXSourcesBuildPhase;
			buildActionMask = 2147483647;
			files = (
				5C69460B20C6221F006D88A3 /* SHChatUITests.m in Sources */,
			);
			runOnlyForDeploymentPostprocessing = 0;
		};
		5C69460D20C6221F006D88A3 /* Sources */ = {
			isa = PBXSourcesBuildPhase;
			buildActionMask = 2147483647;
			files = (
				5C69461620C6221F006D88A3 /* SHChatUIUITests.m in Sources */,
			);
			runOnlyForDeploymentPostprocessing = 0;
		};
/* End PBXSourcesBuildPhase section */

/* Begin PBXTargetDependency section */
		5C69460820C6221F006D88A3 /* PBXTargetDependency */ = {
			isa = PBXTargetDependency;
			target = 5C6945ED20C6221D006D88A3 /* SHChatUI */;
			targetProxy = 5C69460720C6221F006D88A3 /* PBXContainerItemProxy */;
		};
		5C69461320C6221F006D88A3 /* PBXTargetDependency */ = {
			isa = PBXTargetDependency;
			target = 5C6945ED20C6221D006D88A3 /* SHChatUI */;
			targetProxy = 5C69461220C6221F006D88A3 /* PBXContainerItemProxy */;
		};
/* End PBXTargetDependency section */

/* Begin PBXVariantGroup section */
		5C6945F720C6221E006D88A3 /* Main.storyboard */ = {
			isa = PBXVariantGroup;
			children = (
				5C6945F820C6221E006D88A3 /* Base */,
			);
			name = Main.storyboard;
			sourceTree = "<group>";
		};
		5C6945FC20C6221F006D88A3 /* LaunchScreen.storyboard */ = {
			isa = PBXVariantGroup;
			children = (
				5C6945FD20C6221F006D88A3 /* Base */,
			);
			name = LaunchScreen.storyboard;
			sourceTree = "<group>";
		};
/* End PBXVariantGroup section */

/* Begin XCBuildConfiguration section */
		5C69461820C6221F006D88A3 /* Debug */ = {
			isa = XCBuildConfiguration;
			buildSettings = {
				ALWAYS_SEARCH_USER_PATHS = NO;
				CLANG_ANALYZER_NONNULL = YES;
				CLANG_ANALYZER_NUMBER_OBJECT_CONVERSION = YES_AGGRESSIVE;
				CLANG_CXX_LANGUAGE_STANDARD = "gnu++14";
				CLANG_CXX_LIBRARY = "libc++";
				CLANG_ENABLE_MODULES = YES;
				CLANG_ENABLE_OBJC_ARC = YES;
				CLANG_ENABLE_OBJC_WEAK = YES;
				CLANG_WARN_BLOCK_CAPTURE_AUTORELEASING = YES;
				CLANG_WARN_BOOL_CONVERSION = YES;
				CLANG_WARN_COMMA = YES;
				CLANG_WARN_CONSTANT_CONVERSION = YES;
				CLANG_WARN_DEPRECATED_OBJC_IMPLEMENTATIONS = YES;
				CLANG_WARN_DIRECT_OBJC_ISA_USAGE = YES_ERROR;
				CLANG_WARN_DOCUMENTATION_COMMENTS = YES;
				CLANG_WARN_EMPTY_BODY = YES;
				CLANG_WARN_ENUM_CONVERSION = YES;
				CLANG_WARN_INFINITE_RECURSION = YES;
				CLANG_WARN_INT_CONVERSION = YES;
				CLANG_WARN_NON_LITERAL_NULL_CONVERSION = YES;
				CLANG_WARN_OBJC_IMPLICIT_RETAIN_SELF = YES;
				CLANG_WARN_OBJC_LITERAL_CONVERSION = YES;
				CLANG_WARN_OBJC_ROOT_CLASS = YES_ERROR;
				CLANG_WARN_RANGE_LOOP_ANALYSIS = YES;
				CLANG_WARN_STRICT_PROTOTYPES = YES;
				CLANG_WARN_SUSPICIOUS_MOVE = YES;
				CLANG_WARN_UNGUARDED_AVAILABILITY = YES_AGGRESSIVE;
				CLANG_WARN_UNREACHABLE_CODE = YES;
				CLANG_WARN__DUPLICATE_METHOD_MATCH = YES;
				CODE_SIGN_IDENTITY = "iPhone Developer";
				COPY_PHASE_STRIP = NO;
				DEBUG_INFORMATION_FORMAT = dwarf;
				ENABLE_STRICT_OBJC_MSGSEND = YES;
				ENABLE_TESTABILITY = YES;
				GCC_C_LANGUAGE_STANDARD = gnu11;
				GCC_DYNAMIC_NO_PIC = NO;
				GCC_NO_COMMON_BLOCKS = YES;
				GCC_OPTIMIZATION_LEVEL = 0;
				GCC_PREPROCESSOR_DEFINITIONS = (
					"DEBUG=1",
					"$(inherited)",
				);
				GCC_WARN_64_TO_32_BIT_CONVERSION = YES;
				GCC_WARN_ABOUT_RETURN_TYPE = YES_ERROR;
				GCC_WARN_UNDECLARED_SELECTOR = YES;
				GCC_WARN_UNINITIALIZED_AUTOS = YES_AGGRESSIVE;
				GCC_WARN_UNUSED_FUNCTION = YES;
				GCC_WARN_UNUSED_VARIABLE = YES;
				IPHONEOS_DEPLOYMENT_TARGET = 11.4;
				MTL_ENABLE_DEBUG_INFO = YES;
				ONLY_ACTIVE_ARCH = YES;
				SDKROOT = iphoneos;
			};
			name = Debug;
		};
		5C69461920C6221F006D88A3 /* Release */ = {
			isa = XCBuildConfiguration;
			buildSettings = {
				ALWAYS_SEARCH_USER_PATHS = NO;
				CLANG_ANALYZER_NONNULL = YES;
				CLANG_ANALYZER_NUMBER_OBJECT_CONVERSION = YES_AGGRESSIVE;
				CLANG_CXX_LANGUAGE_STANDARD = "gnu++14";
				CLANG_CXX_LIBRARY = "libc++";
				CLANG_ENABLE_MODULES = YES;
				CLANG_ENABLE_OBJC_ARC = YES;
				CLANG_ENABLE_OBJC_WEAK = YES;
				CLANG_WARN_BLOCK_CAPTURE_AUTORELEASING = YES;
				CLANG_WARN_BOOL_CONVERSION = YES;
				CLANG_WARN_COMMA = YES;
				CLANG_WARN_CONSTANT_CONVERSION = YES;
				CLANG_WARN_DEPRECATED_OBJC_IMPLEMENTATIONS = YES;
				CLANG_WARN_DIRECT_OBJC_ISA_USAGE = YES_ERROR;
				CLANG_WARN_DOCUMENTATION_COMMENTS = YES;
				CLANG_WARN_EMPTY_BODY = YES;
				CLANG_WARN_ENUM_CONVERSION = YES;
				CLANG_WARN_INFINITE_RECURSION = YES;
				CLANG_WARN_INT_CONVERSION = YES;
				CLANG_WARN_NON_LITERAL_NULL_CONVERSION = YES;
				CLANG_WARN_OBJC_IMPLICIT_RETAIN_SELF = YES;
				CLANG_WARN_OBJC_LITERAL_CONVERSION = YES;
				CLANG_WARN_OBJC_ROOT_CLASS = YES_ERROR;
				CLANG_WARN_RANGE_LOOP_ANALYSIS = YES;
				CLANG_WARN_STRICT_PROTOTYPES = YES;
				CLANG_WARN_SUSPICIOUS_MOVE = YES;
				CLANG_WARN_UNGUARDED_AVAILABILITY = YES_AGGRESSIVE;
				CLANG_WARN_UNREACHABLE_CODE = YES;
				CLANG_WARN__DUPLICATE_METHOD_MATCH = YES;
				CODE_SIGN_IDENTITY = "iPhone Developer";
				COPY_PHASE_STRIP = NO;
				DEBUG_INFORMATION_FORMAT = "dwarf-with-dsym";
				ENABLE_NS_ASSERTIONS = NO;
				ENABLE_STRICT_OBJC_MSGSEND = YES;
				GCC_C_LANGUAGE_STANDARD = gnu11;
				GCC_NO_COMMON_BLOCKS = YES;
				GCC_WARN_64_TO_32_BIT_CONVERSION = YES;
				GCC_WARN_ABOUT_RETURN_TYPE = YES_ERROR;
				GCC_WARN_UNDECLARED_SELECTOR = YES;
				GCC_WARN_UNINITIALIZED_AUTOS = YES_AGGRESSIVE;
				GCC_WARN_UNUSED_FUNCTION = YES;
				GCC_WARN_UNUSED_VARIABLE = YES;
				IPHONEOS_DEPLOYMENT_TARGET = 11.4;
				MTL_ENABLE_DEBUG_INFO = NO;
				SDKROOT = iphoneos;
				VALIDATE_PRODUCT = YES;
			};
			name = Release;
		};
		5C69461B20C6221F006D88A3 /* Debug */ = {
			isa = XCBuildConfiguration;
			baseConfigurationReference = B8DD6D491E65A756784D9135 /* Pods-SHChatUI.debug.xcconfig */;
			buildSettings = {
				ASSETCATALOG_COMPILER_APPICON_NAME = AppIcon;
				CODE_SIGN_IDENTITY = "iPhone Developer";
				CODE_SIGN_STYLE = Automatic;
				DEVELOPMENT_TEAM = G94X5Y9CST;
				ENABLE_BITCODE = NO;
				INFOPLIST_FILE = SHChatUI/Info.plist;
				IPHONEOS_DEPLOYMENT_TARGET = 10.0;
				LD_RUNPATH_SEARCH_PATHS = (
					"$(inherited)",
					"@executable_path/Frameworks",
				);
				LIBRARY_SEARCH_PATHS = (
					"$(inherited)",
					"$(PROJECT_DIR)/SHChatUI/SHChatUI(聊天界面)/Helper/Audio/VoiceConvert/VoiceConvert/VoiceConvert/lib",
					"$(PROJECT_DIR)/SHChatUI/SHChatUI(聊天界面)/Helper/VoiceHelper(语音帮助类)/VoiceConvert/VoiceConvert/VoiceConvert/lib",
					"$(PROJECT_DIR)/SHChatUI/SHChatUI(微信)/Helper/VoiceHelper(语音帮助类)/VoiceConvert/VoiceConvert/VoiceConvert/lib",
				);
				MARKETING_VERSION = 2.0.0;
				PRODUCT_BUNDLE_IDENTIFIER = csh.SHChatUI;
				PRODUCT_NAME = "$(TARGET_NAME)";
				PROVISIONING_PROFILE_SPECIFIER = "";
				TARGETED_DEVICE_FAMILY = 1;
			};
			name = Debug;
		};
		5C69461C20C6221F006D88A3 /* Release */ = {
			isa = XCBuildConfiguration;
			baseConfigurationReference = 09364128E552D45E4CA47290 /* Pods-SHChatUI.release.xcconfig */;
			buildSettings = {
				ASSETCATALOG_COMPILER_APPICON_NAME = AppIcon;
				CODE_SIGN_IDENTITY = "iPhone Developer";
				CODE_SIGN_STYLE = Automatic;
				DEVELOPMENT_TEAM = G94X5Y9CST;
				ENABLE_BITCODE = NO;
				INFOPLIST_FILE = SHChatUI/Info.plist;
				IPHONEOS_DEPLOYMENT_TARGET = 10.0;
				LD_RUNPATH_SEARCH_PATHS = (
					"$(inherited)",
					"@executable_path/Frameworks",
				);
				LIBRARY_SEARCH_PATHS = (
					"$(inherited)",
					"$(PROJECT_DIR)/SHChatUI/SHChatUI(聊天界面)/Helper/Audio/VoiceConvert/VoiceConvert/VoiceConvert/lib",
					"$(PROJECT_DIR)/SHChatUI/SHChatUI(聊天界面)/Helper/VoiceHelper(语音帮助类)/VoiceConvert/VoiceConvert/VoiceConvert/lib",
					"$(PROJECT_DIR)/SHChatUI/SHChatUI(微信)/Helper/VoiceHelper(语音帮助类)/VoiceConvert/VoiceConvert/VoiceConvert/lib",
				);
				MARKETING_VERSION = 2.0.0;
				PRODUCT_BUNDLE_IDENTIFIER = csh.SHChatUI;
				PRODUCT_NAME = "$(TARGET_NAME)";
				PROVISIONING_PROFILE_SPECIFIER = "";
				TARGETED_DEVICE_FAMILY = 1;
			};
			name = Release;
		};
		5C69461E20C6221F006D88A3 /* Debug */ = {
			isa = XCBuildConfiguration;
			buildSettings = {
				BUNDLE_LOADER = "$(TEST_HOST)";
				CODE_SIGN_STYLE = Automatic;
				INFOPLIST_FILE = SHChatUITests/Info.plist;
				LD_RUNPATH_SEARCH_PATHS = (
					"$(inherited)",
					"@executable_path/Frameworks",
					"@loader_path/Frameworks",
				);
				PRODUCT_BUNDLE_IDENTIFIER = csh.SHChatUITests;
				PRODUCT_NAME = "$(TARGET_NAME)";
				TARGETED_DEVICE_FAMILY = "1,2";
				TEST_HOST = "$(BUILT_PRODUCTS_DIR)/SHChatUI.app/SHChatUI";
			};
			name = Debug;
		};
		5C69461F20C6221F006D88A3 /* Release */ = {
			isa = XCBuildConfiguration;
			buildSettings = {
				BUNDLE_LOADER = "$(TEST_HOST)";
				CODE_SIGN_STYLE = Automatic;
				INFOPLIST_FILE = SHChatUITests/Info.plist;
				LD_RUNPATH_SEARCH_PATHS = (
					"$(inherited)",
					"@executable_path/Frameworks",
					"@loader_path/Frameworks",
				);
				PRODUCT_BUNDLE_IDENTIFIER = csh.SHChatUITests;
				PRODUCT_NAME = "$(TARGET_NAME)";
				TARGETED_DEVICE_FAMILY = "1,2";
				TEST_HOST = "$(BUILT_PRODUCTS_DIR)/SHChatUI.app/SHChatUI";
			};
			name = Release;
		};
		5C69462120C6221F006D88A3 /* Debug */ = {
			isa = XCBuildConfiguration;
			buildSettings = {
				CODE_SIGN_STYLE = Automatic;
				INFOPLIST_FILE = SHChatUIUITests/Info.plist;
				LD_RUNPATH_SEARCH_PATHS = (
					"$(inherited)",
					"@executable_path/Frameworks",
					"@loader_path/Frameworks",
				);
				PRODUCT_BUNDLE_IDENTIFIER = csh.SHChatUIUITests;
				PRODUCT_NAME = "$(TARGET_NAME)";
				TARGETED_DEVICE_FAMILY = "1,2";
				TEST_TARGET_NAME = SHChatUI;
			};
			name = Debug;
		};
		5C69462220C6221F006D88A3 /* Release */ = {
			isa = XCBuildConfiguration;
			buildSettings = {
				CODE_SIGN_STYLE = Automatic;
				INFOPLIST_FILE = SHChatUIUITests/Info.plist;
				LD_RUNPATH_SEARCH_PATHS = (
					"$(inherited)",
					"@executable_path/Frameworks",
					"@loader_path/Frameworks",
				);
				PRODUCT_BUNDLE_IDENTIFIER = csh.SHChatUIUITests;
				PRODUCT_NAME = "$(TARGET_NAME)";
				TARGETED_DEVICE_FAMILY = "1,2";
				TEST_TARGET_NAME = SHChatUI;
			};
			name = Release;
		};
/* End XCBuildConfiguration section */

/* Begin XCConfigurationList section */
		5C6945E920C6221D006D88A3 /* Build configuration list for PBXProject "SHChatUI" */ = {
			isa = XCConfigurationList;
			buildConfigurations = (
				5C69461820C6221F006D88A3 /* Debug */,
				5C69461920C6221F006D88A3 /* Release */,
			);
			defaultConfigurationIsVisible = 0;
			defaultConfigurationName = Release;
		};
		5C69461A20C6221F006D88A3 /* Build configuration list for PBXNativeTarget "SHChatUI" */ = {
			isa = XCConfigurationList;
			buildConfigurations = (
				5C69461B20C6221F006D88A3 /* Debug */,
				5C69461C20C6221F006D88A3 /* Release */,
			);
			defaultConfigurationIsVisible = 0;
			defaultConfigurationName = Release;
		};
		5C69461D20C6221F006D88A3 /* Build configuration list for PBXNativeTarget "SHChatUITests" */ = {
			isa = XCConfigurationList;
			buildConfigurations = (
				5C69461E20C6221F006D88A3 /* Debug */,
				5C69461F20C6221F006D88A3 /* Release */,
			);
			defaultConfigurationIsVisible = 0;
			defaultConfigurationName = Release;
		};
		5C69462020C6221F006D88A3 /* Build configuration list for PBXNativeTarget "SHChatUIUITests" */ = {
			isa = XCConfigurationList;
			buildConfigurations = (
				5C69462120C6221F006D88A3 /* Debug */,
				5C69462220C6221F006D88A3 /* Release */,
			);
			defaultConfigurationIsVisible = 0;
			defaultConfigurationName = Release;
		};
/* End XCConfigurationList section */
	};
	rootObject = 5C6945E620C6221D006D88A3 /* Project object */;
}
