// !$*UTF8*$!
{
	archiveVersion = 1;
	classes = {
	};
	objectVersion = 46;
	objects = {

/* Begin PBXBuildFile section */
		5CA48BB41DBDF7C10018E368 /* main.m in Sources */ = {isa = PBXBuildFile; fileRef = 5CA48BB31DBDF7C10018E368 /* main.m */; };
		5CA48BB71DBDF7C10018E368 /* AppDelegate.m in Sources */ = {isa = PBXBuildFile; fileRef = 5CA48BB61DBDF7C10018E368 /* AppDelegate.m */; };
		5CA48BBA1DBDF7C10018E368 /* ViewController.m in Sources */ = {isa = PBXBuildFile; fileRef = 5CA48BB91DBDF7C10018E368 /* ViewController.m */; };
		5CA48BBD1DBDF7C10018E368 /* Main.storyboard in Resources */ = {isa = PBXBuildFile; fileRef = 5CA48BBB1DBDF7C10018E368 /* Main.storyboard */; };
		5CA48BBF1DBDF7C10018E368 /* Assets.xcassets in Resources */ = {isa = PBXBuildFile; fileRef = 5CA48BBE1DBDF7C10018E368 /* Assets.xcassets */; };
		5CA48BC21DBDF7C10018E368 /* LaunchScreen.storyboard in Resources */ = {isa = PBXBuildFile; fileRef = 5CA48BC01DBDF7C10018E368 /* LaunchScreen.storyboard */; };
		5CA48C621DBDF8140018E368 /* SHCahtMessageTableViewCell.m in Sources */ = {isa = PBXBuildFile; fileRef = 5CA48BCD1DBDF8140018E368 /* SHCahtMessageTableViewCell.m */; };
		5CA48C631DBDF8140018E368 /* SHChatMessageLocationViewController.m in Sources */ = {isa = PBXBuildFile; fileRef = 5CA48BD01DBDF8140018E368 /* SHChatMessageLocationViewController.m */; };
		5CA48C641DBDF8140018E368 /* SHChatMessageViewController.m in Sources */ = {isa = PBXBuildFile; fileRef = 5CA48BD21DBDF8140018E368 /* SHChatMessageViewController.m */; };
		5CA48C651DBDF8140018E368 /* SHChatMessageViewController.storyboard in Resources */ = {isa = PBXBuildFile; fileRef = 5CA48BD31DBDF8140018E368 /* SHChatMessageViewController.storyboard */; };
		5CA48C661DBDF8140018E368 /* SHAudioPlayerHelper.m in Sources */ = {isa = PBXBuildFile; fileRef = 5CA48BD91DBDF8140018E368 /* SHAudioPlayerHelper.m */; };
		5CA48C671DBDF8140018E368 /* SHVoiceRecordHelper.m in Sources */ = {isa = PBXBuildFile; fileRef = 5CA48BDB1DBDF8140018E368 /* SHVoiceRecordHelper.m */; };
		5CA48C681DBDF8140018E368 /* amrFileCodec.mm in Sources */ = {isa = PBXBuildFile; fileRef = 5CA48BDF1DBDF8140018E368 /* amrFileCodec.mm */; };
		5CA48C691DBDF8140018E368 /* wav.mm in Sources */ = {isa = PBXBuildFile; fileRef = 5CA48BE11DBDF8140018E368 /* wav.mm */; };
		5CA48C6A1DBDF8140018E368 /* libopencore-amrnb.a in Frameworks */ = {isa = PBXBuildFile; fileRef = 5CA48BE31DBDF8140018E368 /* libopencore-amrnb.a */; };
		5CA48C6B1DBDF8140018E368 /* libopencore-amrnb.a.arm64 in Frameworks */ = {isa = PBXBuildFile; fileRef = 5CA48BE41DBDF8140018E368 /* libopencore-amrnb.a.arm64 */; };
		5CA48C6C1DBDF8140018E368 /* libopencore-amrnb.a.armv7 in Frameworks */ = {isa = PBXBuildFile; fileRef = 5CA48BE51DBDF8140018E368 /* libopencore-amrnb.a.armv7 */; };
		5CA48C6D1DBDF8140018E368 /* libopencore-amrnb.a.armv7s in Frameworks */ = {isa = PBXBuildFile; fileRef = 5CA48BE61DBDF8140018E368 /* libopencore-amrnb.a.armv7s */; };
		5CA48C6E1DBDF8140018E368 /* libopencore-amrnb.a.i386 in Frameworks */ = {isa = PBXBuildFile; fileRef = 5CA48BE71DBDF8140018E368 /* libopencore-amrnb.a.i386 */; };
		5CA48C6F1DBDF8140018E368 /* libopencore-amrnb.a.x86_64 in Frameworks */ = {isa = PBXBuildFile; fileRef = 5CA48BE81DBDF8140018E368 /* libopencore-amrnb.a.x86_64 */; };
		5CA48C701DBDF8140018E368 /* libopencore-amrwb.a in Frameworks */ = {isa = PBXBuildFile; fileRef = 5CA48BE91DBDF8140018E368 /* libopencore-amrwb.a */; };
		5CA48C711DBDF8140018E368 /* libopencore-amrwb.a.arm64 in Frameworks */ = {isa = PBXBuildFile; fileRef = 5CA48BEA1DBDF8140018E368 /* libopencore-amrwb.a.arm64 */; };
		5CA48C721DBDF8140018E368 /* libopencore-amrwb.a.armv7 in Frameworks */ = {isa = PBXBuildFile; fileRef = 5CA48BEB1DBDF8140018E368 /* libopencore-amrwb.a.armv7 */; };
		5CA48C731DBDF8140018E368 /* libopencore-amrwb.a.armv7s in Frameworks */ = {isa = PBXBuildFile; fileRef = 5CA48BEC1DBDF8140018E368 /* libopencore-amrwb.a.armv7s */; };
		5CA48C741DBDF8140018E368 /* libopencore-amrwb.a.i386 in Frameworks */ = {isa = PBXBuildFile; fileRef = 5CA48BED1DBDF8140018E368 /* libopencore-amrwb.a.i386 */; };
		5CA48C751DBDF8140018E368 /* libopencore-amrwb.a.x86_64 in Frameworks */ = {isa = PBXBuildFile; fileRef = 5CA48BEE1DBDF8140018E368 /* libopencore-amrwb.a.x86_64 */; };
		5CA48C761DBDF8140018E368 /* opencore-amrnb.pc in Resources */ = {isa = PBXBuildFile; fileRef = 5CA48BF01DBDF8140018E368 /* opencore-amrnb.pc */; };
		5CA48C771DBDF8140018E368 /* opencore-amrwb.pc in Resources */ = {isa = PBXBuildFile; fileRef = 5CA48BF11DBDF8140018E368 /* opencore-amrwb.pc */; };
		5CA48C781DBDF8140018E368 /* VoiceConverter.mm in Sources */ = {isa = PBXBuildFile; fileRef = 5CA48BF91DBDF8140018E368 /* VoiceConverter.mm */; };
		5CA48C791DBDF8140018E368 /* SHImageAvatarBrowser.m in Sources */ = {isa = PBXBuildFile; fileRef = 5CA48BFC1DBDF8140018E368 /* SHImageAvatarBrowser.m */; };
		5CA48C7A1DBDF8140018E368 /* SHDownloadModel.m in Sources */ = {isa = PBXBuildFile; fileRef = 5CA48C001DBDF8140018E368 /* SHDownloadModel.m */; };
		5CA48C7B1DBDF8140018E368 /* SHDownloadManager.m in Sources */ = {isa = PBXBuildFile; fileRef = 5CA48C021DBDF8140018E368 /* SHDownloadManager.m */; };
		5CA48C7C1DBDF8140018E368 /* SHFileHelper.m in Sources */ = {isa = PBXBuildFile; fileRef = 5CA48C051DBDF8140018E368 /* SHFileHelper.m */; };
		5CA48C7D1DBDF8140018E368 /* SHMessageTimeHelper.m in Sources */ = {isa = PBXBuildFile; fileRef = 5CA48C081DBDF8140018E368 /* SHMessageTimeHelper.m */; };
		5CA48C7E1DBDF8140018E368 /* SHMessageVideoHelper.m in Sources */ = {isa = PBXBuildFile; fileRef = 5CA48C0B1DBDF8140018E368 /* SHMessageVideoHelper.m */; };
		5CA48C7F1DBDF8140018E368 /* SHLocation.m in Sources */ = {isa = PBXBuildFile; fileRef = 5CA48C0E1DBDF8140018E368 /* SHLocation.m */; };
		5CA48C801DBDF8140018E368 /* SHMessage.m in Sources */ = {isa = PBXBuildFile; fileRef = 5CA48C101DBDF8140018E368 /* SHMessage.m */; };
		5CA48C811DBDF8140018E368 /* SHMessageFrame.m in Sources */ = {isa = PBXBuildFile; fileRef = 5CA48C121DBDF8140018E368 /* SHMessageFrame.m */; };
		5CA48C821DBDF8140018E368 /* SHMessageType.m in Sources */ = {isa = PBXBuildFile; fileRef = 5CA48C141DBDF8140018E368 /* SHMessageType.m */; };
		5CA48C831DBDF8140018E368 /* chat_receive_voice1.png in Resources */ = {isa = PBXBuildFile; fileRef = 5CA48C171DBDF8140018E368 /* chat_receive_voice1.png */; };
		5CA48C841DBDF8140018E368 /* chat_receive_voice2.png in Resources */ = {isa = PBXBuildFile; fileRef = 5CA48C181DBDF8140018E368 /* chat_receive_voice2.png */; };
		5CA48C851DBDF8140018E368 /* chat_receive_voice3.png in Resources */ = {isa = PBXBuildFile; fileRef = 5CA48C191DBDF8140018E368 /* chat_receive_voice3.png */; };
		5CA48C861DBDF8140018E368 /* chat_receive_voice4.png in Resources */ = {isa = PBXBuildFile; fileRef = 5CA48C1A1DBDF8140018E368 /* chat_receive_voice4.png */; };
		5CA48C871DBDF8140018E368 /* chat_receive_voice5.png in Resources */ = {isa = PBXBuildFile; fileRef = 5CA48C1B1DBDF8140018E368 /* chat_receive_voice5.png */; };
		5CA48C881DBDF8140018E368 /* chat_send_voice1.png in Resources */ = {isa = PBXBuildFile; fileRef = 5CA48C1C1DBDF8140018E368 /* chat_send_voice1.png */; };
		5CA48C891DBDF8140018E368 /* chat_send_voice2.png in Resources */ = {isa = PBXBuildFile; fileRef = 5CA48C1D1DBDF8140018E368 /* chat_send_voice2.png */; };
		5CA48C8A1DBDF8140018E368 /* chat_send_voice3.png in Resources */ = {isa = PBXBuildFile; fileRef = 5CA48C1E1DBDF8140018E368 /* chat_send_voice3.png */; };
		5CA48C8B1DBDF8140018E368 /* chat_send_voice4.png in Resources */ = {isa = PBXBuildFile; fileRef = 5CA48C1F1DBDF8140018E368 /* chat_send_voice4.png */; };
		5CA48C8C1DBDF8140018E368 /* chat_send_voice5.png in Resources */ = {isa = PBXBuildFile; fileRef = 5CA48C201DBDF8140018E368 /* chat_send_voice5.png */; };
		5CA48C8D1DBDF8140018E368 /* chat_voice_unread.png in Resources */ = {isa = PBXBuildFile; fileRef = 5CA48C211DBDF8140018E368 /* chat_voice_unread.png */; };
		5CA48C8E1DBDF8140018E368 /* voice_change.png in Resources */ = {isa = PBXBuildFile; fileRef = 5CA48C221DBDF8140018E368 /* voice_change.png */; };
		5CA48C8F1DBDF8140018E368 /* voice_play_animation_0.png in Resources */ = {isa = PBXBuildFile; fileRef = 5CA48C231DBDF8140018E368 /* voice_play_animation_0.png */; };
		5CA48C901DBDF8140018E368 /* voice_play_animation_1.png in Resources */ = {isa = PBXBuildFile; fileRef = 5CA48C241DBDF8140018E368 /* voice_play_animation_1.png */; };
		5CA48C911DBDF8140018E368 /* voice_play_animation_2.png in Resources */ = {isa = PBXBuildFile; fileRef = 5CA48C251DBDF8140018E368 /* voice_play_animation_2.png */; };
		5CA48C921DBDF8140018E368 /* voice_play_animation_3.png in Resources */ = {isa = PBXBuildFile; fileRef = 5CA48C261DBDF8140018E368 /* voice_play_animation_3.png */; };
		5CA48C931DBDF8140018E368 /* voice_play_animation_4.png in Resources */ = {isa = PBXBuildFile; fileRef = 5CA48C271DBDF8140018E368 /* voice_play_animation_4.png */; };
		5CA48C941DBDF8140018E368 /* voice_play_animation_5.png in Resources */ = {isa = PBXBuildFile; fileRef = 5CA48C281DBDF8140018E368 /* voice_play_animation_5.png */; };
		5CA48C951DBDF8140018E368 /* voice_play_animation_6.png in Resources */ = {isa = PBXBuildFile; fileRef = 5CA48C291DBDF8140018E368 /* voice_play_animation_6.png */; };
		5CA48C961DBDF8140018E368 /* voice_play_animation_7.png in Resources */ = {isa = PBXBuildFile; fileRef = 5CA48C2A1DBDF8140018E368 /* voice_play_animation_7.png */; };
		5CA48C971DBDF8140018E368 /* chat_face.png in Resources */ = {isa = PBXBuildFile; fileRef = 5CA48C2C1DBDF8140018E368 /* chat_face.png */; };
		5CA48C981DBDF8140018E368 /* chat_face_HL.png in Resources */ = {isa = PBXBuildFile; fileRef = 5CA48C2D1DBDF8140018E368 /* chat_face_HL.png */; };
		5CA48C991DBDF8140018E368 /* chat_keyboard.png in Resources */ = {isa = PBXBuildFile; fileRef = 5CA48C2E1DBDF8140018E368 /* chat_keyboard.png */; };
		5CA48C9A1DBDF8140018E368 /* chat_keyboard_HL.png in Resources */ = {isa = PBXBuildFile; fileRef = 5CA48C2F1DBDF8140018E368 /* chat_keyboard_HL.png */; };
		5CA48C9B1DBDF8140018E368 /* chat_message_back.png in Resources */ = {isa = PBXBuildFile; fileRef = 5CA48C301DBDF8140018E368 /* chat_message_back.png */; };
		5CA48C9C1DBDF8140018E368 /* chat_message_receive_1.png in Resources */ = {isa = PBXBuildFile; fileRef = 5CA48C311DBDF8140018E368 /* chat_message_receive_1.png */; };
		5CA48C9D1DBDF8140018E368 /* chat_message_receive_2.png in Resources */ = {isa = PBXBuildFile; fileRef = 5CA48C321DBDF8140018E368 /* chat_message_receive_2.png */; };
		5CA48C9E1DBDF8140018E368 /* chat_message_send_1.png in Resources */ = {isa = PBXBuildFile; fileRef = 5CA48C331DBDF8140018E368 /* chat_message_send_1.png */; };
		5CA48C9F1DBDF8140018E368 /* chat_message_send_2.png in Resources */ = {isa = PBXBuildFile; fileRef = 5CA48C341DBDF8140018E368 /* chat_message_send_2.png */; };
		5CA48CA01DBDF8140018E368 /* chat_multimedia.png in Resources */ = {isa = PBXBuildFile; fileRef = 5CA48C351DBDF8140018E368 /* chat_multimedia.png */; };
		5CA48CA11DBDF8140018E368 /* chat_multimedia_HL.png in Resources */ = {isa = PBXBuildFile; fileRef = 5CA48C361DBDF8140018E368 /* chat_multimedia_HL.png */; };
		5CA48CA21DBDF8140018E368 /* chat_voice.png in Resources */ = {isa = PBXBuildFile; fileRef = 5CA48C371DBDF8140018E368 /* chat_voice.png */; };
		5CA48CA31DBDF8140018E368 /* chat_voice_HL.png in Resources */ = {isa = PBXBuildFile; fileRef = 5CA48C381DBDF8140018E368 /* chat_voice_HL.png */; };
		5CA48CA41DBDF8140018E368 /* chat_location.png in Resources */ = {isa = PBXBuildFile; fileRef = 5CA48C3A1DBDF8140018E368 /* chat_location.png */; };
		5CA48CA51DBDF8140018E368 /* message_fail.png in Resources */ = {isa = PBXBuildFile; fileRef = 5CA48C3B1DBDF8140018E368 /* message_fail.png */; };
		5CA48CA61DBDF8140018E368 /* headImage.jpeg in Resources */ = {isa = PBXBuildFile; fileRef = 5CA48C3D1DBDF8140018E368 /* headImage.jpeg */; };
		5CA48CA71DBDF8140018E368 /* message_bg.jpeg in Resources */ = {isa = PBXBuildFile; fileRef = 5CA48C3E1DBDF8140018E368 /* message_bg.jpeg */; };
		5CA48CA81DBDF8140018E368 /* message_bg2.jpg in Resources */ = {isa = PBXBuildFile; fileRef = 5CA48C3F1DBDF8140018E368 /* message_bg2.jpg */; };
		5CA48CA91DBDF8140018E368 /* sharemore_friendcard.png in Resources */ = {isa = PBXBuildFile; fileRef = 5CA48C411DBDF8140018E368 /* sharemore_friendcard.png */; };
		5CA48CAA1DBDF8140018E368 /* sharemore_location.png in Resources */ = {isa = PBXBuildFile; fileRef = 5CA48C421DBDF8140018E368 /* sharemore_location.png */; };
		5CA48CAB1DBDF8140018E368 /* sharemore_myfav.png in Resources */ = {isa = PBXBuildFile; fileRef = 5CA48C431DBDF8140018E368 /* sharemore_myfav.png */; };
		5CA48CAC1DBDF8140018E368 /* sharemore_openapi.png in Resources */ = {isa = PBXBuildFile; fileRef = 5CA48C441DBDF8140018E368 /* sharemore_openapi.png */; };
		5CA48CAD1DBDF8140018E368 /* sharemore_pic.png in Resources */ = {isa = PBXBuildFile; fileRef = 5CA48C451DBDF8140018E368 /* sharemore_pic.png */; };
		5CA48CAE1DBDF8140018E368 /* sharemore_video.png in Resources */ = {isa = PBXBuildFile; fileRef = 5CA48C461DBDF8140018E368 /* sharemore_video.png */; };
		5CA48CAF1DBDF8140018E368 /* sharemore_videovoip.png in Resources */ = {isa = PBXBuildFile; fileRef = 5CA48C471DBDF8140018E368 /* sharemore_videovoip.png */; };
		5CA48CB01DBDF8140018E368 /* sharemore_voiceinput.png in Resources */ = {isa = PBXBuildFile; fileRef = 5CA48C481DBDF8140018E368 /* sharemore_voiceinput.png */; };
		5CA48CB11DBDF8140018E368 /* sharemore_voipvoice.png in Resources */ = {isa = PBXBuildFile; fileRef = 5CA48C491DBDF8140018E368 /* sharemore_voipvoice.png */; };
		5CA48CB21DBDF8140018E368 /* sharemore_wxtalk.png in Resources */ = {isa = PBXBuildFile; fileRef = 5CA48C4A1DBDF8140018E368 /* sharemore_wxtalk.png */; };
		5CA48CB31DBDF8140018E368 /* chat_video.png in Resources */ = {isa = PBXBuildFile; fileRef = 5CA48C4C1DBDF8140018E368 /* chat_video.png */; };
		5CA48CB41DBDF8140018E368 /* SHMessageContentView.m in Sources */ = {isa = PBXBuildFile; fileRef = 5CA48C501DBDF8140018E368 /* SHMessageContentView.m */; };
		5CA48CB51DBDF8140018E368 /* SHActivityIndicatorView.m in Sources */ = {isa = PBXBuildFile; fileRef = 5CA48C531DBDF8140018E368 /* SHActivityIndicatorView.m */; };
		5CA48CB61DBDF8140018E368 /* SHMessageVoiceHUD.m in Sources */ = {isa = PBXBuildFile; fileRef = 5CA48C551DBDF8140018E368 /* SHMessageVoiceHUD.m */; };
		5CA48CB71DBDF8140018E368 /* SHMessageInputView.m in Sources */ = {isa = PBXBuildFile; fileRef = 5CA48C581DBDF8140018E368 /* SHMessageInputView.m */; };
		5CA48CB81DBDF8140018E368 /* SHShareMenuItem.m in Sources */ = {isa = PBXBuildFile; fileRef = 5CA48C5B1DBDF8140018E368 /* SHShareMenuItem.m */; };
		5CA48CB91DBDF8140018E368 /* SHShareMenuView.m in Sources */ = {isa = PBXBuildFile; fileRef = 5CA48C5D1DBDF8140018E368 /* SHShareMenuView.m */; };
		5CA48CBA1DBDF8140018E368 /* 1.amr in Resources */ = {isa = PBXBuildFile; fileRef = 5CA48C5F1DBDF8140018E368 /* 1.amr */; };
		5CA48CBB1DBDF8140018E368 /* 1.jpg in Resources */ = {isa = PBXBuildFile; fileRef = 5CA48C601DBDF8140018E368 /* 1.jpg */; };
		5CA48CBC1DBDF8140018E368 /* 1.wav in Resources */ = {isa = PBXBuildFile; fileRef = 5CA48C611DBDF8140018E368 /* 1.wav */; };
/* End PBXBuildFile section */

/* Begin PBXFileReference section */
		5CA48BAF1DBDF7C10018E368 /* SHChatUI.app */ = {isa = PBXFileReference; explicitFileType = wrapper.application; includeInIndex = 0; path = SHChatUI.app; sourceTree = BUILT_PRODUCTS_DIR; };
		5CA48BB31DBDF7C10018E368 /* main.m */ = {isa = PBXFileReference; lastKnownFileType = sourcecode.c.objc; path = main.m; sourceTree = "<group>"; };
		5CA48BB51DBDF7C10018E368 /* AppDelegate.h */ = {isa = PBXFileReference; lastKnownFileType = sourcecode.c.h; path = AppDelegate.h; sourceTree = "<group>"; };
		5CA48BB61DBDF7C10018E368 /* AppDelegate.m */ = {isa = PBXFileReference; lastKnownFileType = sourcecode.c.objc; path = AppDelegate.m; sourceTree = "<group>"; };
		5CA48BB81DBDF7C10018E368 /* ViewController.h */ = {isa = PBXFileReference; lastKnownFileType = sourcecode.c.h; path = ViewController.h; sourceTree = "<group>"; };
		5CA48BB91DBDF7C10018E368 /* ViewController.m */ = {isa = PBXFileReference; lastKnownFileType = sourcecode.c.objc; path = ViewController.m; sourceTree = "<group>"; };
		5CA48BBC1DBDF7C10018E368 /* Base */ = {isa = PBXFileReference; lastKnownFileType = file.storyboard; name = Base; path = Base.lproj/Main.storyboard; sourceTree = "<group>"; };
		5CA48BBE1DBDF7C10018E368 /* Assets.xcassets */ = {isa = PBXFileReference; lastKnownFileType = folder.assetcatalog; path = Assets.xcassets; sourceTree = "<group>"; };
		5CA48BC11DBDF7C10018E368 /* Base */ = {isa = PBXFileReference; lastKnownFileType = file.storyboard; name = Base; path = Base.lproj/LaunchScreen.storyboard; sourceTree = "<group>"; };
		5CA48BC31DBDF7C10018E368 /* Info.plist */ = {isa = PBXFileReference; lastKnownFileType = text.plist.xml; path = Info.plist; sourceTree = "<group>"; };
		5CA48BCC1DBDF8140018E368 /* SHCahtMessageTableViewCell.h */ = {isa = PBXFileReference; fileEncoding = 4; lastKnownFileType = sourcecode.c.h; path = SHCahtMessageTableViewCell.h; sourceTree = "<group>"; };
		5CA48BCD1DBDF8140018E368 /* SHCahtMessageTableViewCell.m */ = {isa = PBXFileReference; fileEncoding = 4; lastKnownFileType = sourcecode.c.objc; path = SHCahtMessageTableViewCell.m; sourceTree = "<group>"; };
		5CA48BCF1DBDF8140018E368 /* SHChatMessageLocationViewController.h */ = {isa = PBXFileReference; fileEncoding = 4; lastKnownFileType = sourcecode.c.h; path = SHChatMessageLocationViewController.h; sourceTree = "<group>"; };
		5CA48BD01DBDF8140018E368 /* SHChatMessageLocationViewController.m */ = {isa = PBXFileReference; fileEncoding = 4; lastKnownFileType = sourcecode.c.objc; path = SHChatMessageLocationViewController.m; sourceTree = "<group>"; };
		5CA48BD11DBDF8140018E368 /* SHChatMessageViewController.h */ = {isa = PBXFileReference; fileEncoding = 4; lastKnownFileType = sourcecode.c.h; path = SHChatMessageViewController.h; sourceTree = "<group>"; };
		5CA48BD21DBDF8140018E368 /* SHChatMessageViewController.m */ = {isa = PBXFileReference; fileEncoding = 4; lastKnownFileType = sourcecode.c.objc; path = SHChatMessageViewController.m; sourceTree = "<group>"; };
		5CA48BD31DBDF8140018E368 /* SHChatMessageViewController.storyboard */ = {isa = PBXFileReference; fileEncoding = 4; lastKnownFileType = file.storyboard; path = SHChatMessageViewController.storyboard; sourceTree = "<group>"; };
		5CA48BD51DBDF8140018E368 /* SHMessageMacroHeader.h */ = {isa = PBXFileReference; fileEncoding = 4; lastKnownFileType = sourcecode.c.h; path = SHMessageMacroHeader.h; sourceTree = "<group>"; };
		5CA48BD81DBDF8140018E368 /* SHAudioPlayerHelper.h */ = {isa = PBXFileReference; fileEncoding = 4; lastKnownFileType = sourcecode.c.h; path = SHAudioPlayerHelper.h; sourceTree = "<group>"; };
		5CA48BD91DBDF8140018E368 /* SHAudioPlayerHelper.m */ = {isa = PBXFileReference; fileEncoding = 4; lastKnownFileType = sourcecode.c.objc; path = SHAudioPlayerHelper.m; sourceTree = "<group>"; };
		5CA48BDA1DBDF8140018E368 /* SHVoiceRecordHelper.h */ = {isa = PBXFileReference; fileEncoding = 4; lastKnownFileType = sourcecode.c.h; path = SHVoiceRecordHelper.h; sourceTree = "<group>"; };
		5CA48BDB1DBDF8140018E368 /* SHVoiceRecordHelper.m */ = {isa = PBXFileReference; fileEncoding = 4; lastKnownFileType = sourcecode.c.objc; path = SHVoiceRecordHelper.m; sourceTree = "<group>"; };
		5CA48BDE1DBDF8140018E368 /* amrFileCodec.h */ = {isa = PBXFileReference; fileEncoding = 4; lastKnownFileType = sourcecode.c.h; path = amrFileCodec.h; sourceTree = "<group>"; };
		5CA48BDF1DBDF8140018E368 /* amrFileCodec.mm */ = {isa = PBXFileReference; fileEncoding = 4; lastKnownFileType = sourcecode.cpp.objcpp; path = amrFileCodec.mm; sourceTree = "<group>"; };
		5CA48BE01DBDF8140018E368 /* wav.h */ = {isa = PBXFileReference; fileEncoding = 4; lastKnownFileType = sourcecode.c.h; path = wav.h; sourceTree = "<group>"; };
		5CA48BE11DBDF8140018E368 /* wav.mm */ = {isa = PBXFileReference; fileEncoding = 4; lastKnownFileType = sourcecode.cpp.objcpp; path = wav.mm; sourceTree = "<group>"; };
		5CA48BE31DBDF8140018E368 /* libopencore-amrnb.a */ = {isa = PBXFileReference; lastKnownFileType = archive.ar; path = "libopencore-amrnb.a"; sourceTree = "<group>"; };
		5CA48BE41DBDF8140018E368 /* libopencore-amrnb.a.arm64 */ = {isa = PBXFileReference; lastKnownFileType = archive.ar; path = "libopencore-amrnb.a.arm64"; sourceTree = "<group>"; };
		5CA48BE51DBDF8140018E368 /* libopencore-amrnb.a.armv7 */ = {isa = PBXFileReference; lastKnownFileType = archive.ar; path = "libopencore-amrnb.a.armv7"; sourceTree = "<group>"; };
		5CA48BE61DBDF8140018E368 /* libopencore-amrnb.a.armv7s */ = {isa = PBXFileReference; lastKnownFileType = archive.ar; path = "libopencore-amrnb.a.armv7s"; sourceTree = "<group>"; };
		5CA48BE71DBDF8140018E368 /* libopencore-amrnb.a.i386 */ = {isa = PBXFileReference; lastKnownFileType = archive.ar; path = "libopencore-amrnb.a.i386"; sourceTree = "<group>"; };
		5CA48BE81DBDF8140018E368 /* libopencore-amrnb.a.x86_64 */ = {isa = PBXFileReference; lastKnownFileType = archive.ar; path = "libopencore-amrnb.a.x86_64"; sourceTree = "<group>"; };
		5CA48BE91DBDF8140018E368 /* libopencore-amrwb.a */ = {isa = PBXFileReference; lastKnownFileType = archive.ar; path = "libopencore-amrwb.a"; sourceTree = "<group>"; };
		5CA48BEA1DBDF8140018E368 /* libopencore-amrwb.a.arm64 */ = {isa = PBXFileReference; lastKnownFileType = archive.ar; path = "libopencore-amrwb.a.arm64"; sourceTree = "<group>"; };
		5CA48BEB1DBDF8140018E368 /* libopencore-amrwb.a.armv7 */ = {isa = PBXFileReference; lastKnownFileType = archive.ar; path = "libopencore-amrwb.a.armv7"; sourceTree = "<group>"; };
		5CA48BEC1DBDF8140018E368 /* libopencore-amrwb.a.armv7s */ = {isa = PBXFileReference; lastKnownFileType = archive.ar; path = "libopencore-amrwb.a.armv7s"; sourceTree = "<group>"; };
		5CA48BED1DBDF8140018E368 /* libopencore-amrwb.a.i386 */ = {isa = PBXFileReference; lastKnownFileType = archive.ar; path = "libopencore-amrwb.a.i386"; sourceTree = "<group>"; };
		5CA48BEE1DBDF8140018E368 /* libopencore-amrwb.a.x86_64 */ = {isa = PBXFileReference; lastKnownFileType = archive.ar; path = "libopencore-amrwb.a.x86_64"; sourceTree = "<group>"; };
		5CA48BF01DBDF8140018E368 /* opencore-amrnb.pc */ = {isa = PBXFileReference; fileEncoding = 4; lastKnownFileType = text; path = "opencore-amrnb.pc"; sourceTree = "<group>"; };
		5CA48BF11DBDF8140018E368 /* opencore-amrwb.pc */ = {isa = PBXFileReference; fileEncoding = 4; lastKnownFileType = text; path = "opencore-amrwb.pc"; sourceTree = "<group>"; };
		5CA48BF31DBDF8140018E368 /* interf_dec.h */ = {isa = PBXFileReference; fileEncoding = 4; lastKnownFileType = sourcecode.c.h; path = interf_dec.h; sourceTree = "<group>"; };
		5CA48BF41DBDF8140018E368 /* interf_enc.h */ = {isa = PBXFileReference; fileEncoding = 4; lastKnownFileType = sourcecode.c.h; path = interf_enc.h; sourceTree = "<group>"; };
		5CA48BF61DBDF8140018E368 /* dec_if.h */ = {isa = PBXFileReference; fileEncoding = 4; lastKnownFileType = sourcecode.c.h; path = dec_if.h; sourceTree = "<group>"; };
		5CA48BF71DBDF8140018E368 /* if_rom.h */ = {isa = PBXFileReference; fileEncoding = 4; lastKnownFileType = sourcecode.c.h; path = if_rom.h; sourceTree = "<group>"; };
		5CA48BF81DBDF8140018E368 /* VoiceConverter.h */ = {isa = PBXFileReference; fileEncoding = 4; lastKnownFileType = sourcecode.c.h; path = VoiceConverter.h; sourceTree = "<group>"; };
		5CA48BF91DBDF8140018E368 /* VoiceConverter.mm */ = {isa = PBXFileReference; fileEncoding = 4; lastKnownFileType = sourcecode.cpp.objcpp; path = VoiceConverter.mm; sourceTree = "<group>"; };
		5CA48BFB1DBDF8140018E368 /* SHImageAvatarBrowser.h */ = {isa = PBXFileReference; fileEncoding = 4; lastKnownFileType = sourcecode.c.h; path = SHImageAvatarBrowser.h; sourceTree = "<group>"; };
		5CA48BFC1DBDF8140018E368 /* SHImageAvatarBrowser.m */ = {isa = PBXFileReference; fileEncoding = 4; lastKnownFileType = sourcecode.c.objc; path = SHImageAvatarBrowser.m; sourceTree = "<group>"; };
		5CA48BFF1DBDF8140018E368 /* SHDownloadModel.h */ = {isa = PBXFileReference; fileEncoding = 4; lastKnownFileType = sourcecode.c.h; path = SHDownloadModel.h; sourceTree = "<group>"; };
		5CA48C001DBDF8140018E368 /* SHDownloadModel.m */ = {isa = PBXFileReference; fileEncoding = 4; lastKnownFileType = sourcecode.c.objc; path = SHDownloadModel.m; sourceTree = "<group>"; };
		5CA48C011DBDF8140018E368 /* SHDownloadManager.h */ = {isa = PBXFileReference; fileEncoding = 4; lastKnownFileType = sourcecode.c.h; path = SHDownloadManager.h; sourceTree = "<group>"; };
		5CA48C021DBDF8140018E368 /* SHDownloadManager.m */ = {isa = PBXFileReference; fileEncoding = 4; lastKnownFileType = sourcecode.c.objc; path = SHDownloadManager.m; sourceTree = "<group>"; };
		5CA48C041DBDF8140018E368 /* SHFileHelper.h */ = {isa = PBXFileReference; fileEncoding = 4; lastKnownFileType = sourcecode.c.h; path = SHFileHelper.h; sourceTree = "<group>"; };
		5CA48C051DBDF8140018E368 /* SHFileHelper.m */ = {isa = PBXFileReference; fileEncoding = 4; lastKnownFileType = sourcecode.c.objc; path = SHFileHelper.m; sourceTree = "<group>"; };
		5CA48C071DBDF8140018E368 /* SHMessageTimeHelper.h */ = {isa = PBXFileReference; fileEncoding = 4; lastKnownFileType = sourcecode.c.h; path = SHMessageTimeHelper.h; sourceTree = "<group>"; };
		5CA48C081DBDF8140018E368 /* SHMessageTimeHelper.m */ = {isa = PBXFileReference; fileEncoding = 4; lastKnownFileType = sourcecode.c.objc; path = SHMessageTimeHelper.m; sourceTree = "<group>"; };
		5CA48C0A1DBDF8140018E368 /* SHMessageVideoHelper.h */ = {isa = PBXFileReference; fileEncoding = 4; lastKnownFileType = sourcecode.c.h; path = SHMessageVideoHelper.h; sourceTree = "<group>"; };
		5CA48C0B1DBDF8140018E368 /* SHMessageVideoHelper.m */ = {isa = PBXFileReference; fileEncoding = 4; lastKnownFileType = sourcecode.c.objc; path = SHMessageVideoHelper.m; sourceTree = "<group>"; };
		5CA48C0D1DBDF8140018E368 /* SHLocation.h */ = {isa = PBXFileReference; fileEncoding = 4; lastKnownFileType = sourcecode.c.h; path = SHLocation.h; sourceTree = "<group>"; };
		5CA48C0E1DBDF8140018E368 /* SHLocation.m */ = {isa = PBXFileReference; fileEncoding = 4; lastKnownFileType = sourcecode.c.objc; path = SHLocation.m; sourceTree = "<group>"; };
		5CA48C0F1DBDF8140018E368 /* SHMessage.h */ = {isa = PBXFileReference; fileEncoding = 4; lastKnownFileType = sourcecode.c.h; path = SHMessage.h; sourceTree = "<group>"; };
		5CA48C101DBDF8140018E368 /* SHMessage.m */ = {isa = PBXFileReference; fileEncoding = 4; lastKnownFileType = sourcecode.c.objc; path = SHMessage.m; sourceTree = "<group>"; };
		5CA48C111DBDF8140018E368 /* SHMessageFrame.h */ = {isa = PBXFileReference; fileEncoding = 4; lastKnownFileType = sourcecode.c.h; path = SHMessageFrame.h; sourceTree = "<group>"; };
		5CA48C121DBDF8140018E368 /* SHMessageFrame.m */ = {isa = PBXFileReference; fileEncoding = 4; lastKnownFileType = sourcecode.c.objc; path = SHMessageFrame.m; sourceTree = "<group>"; };
		5CA48C131DBDF8140018E368 /* SHMessageType.h */ = {isa = PBXFileReference; fileEncoding = 4; lastKnownFileType = sourcecode.c.h; path = SHMessageType.h; sourceTree = "<group>"; };
		5CA48C141DBDF8140018E368 /* SHMessageType.m */ = {isa = PBXFileReference; fileEncoding = 4; lastKnownFileType = sourcecode.c.objc; path = SHMessageType.m; sourceTree = "<group>"; };
		5CA48C171DBDF8140018E368 /* chat_receive_voice1.png */ = {isa = PBXFileReference; lastKnownFileType = image.png; path = chat_receive_voice1.png; sourceTree = "<group>"; };
		5CA48C181DBDF8140018E368 /* chat_receive_voice2.png */ = {isa = PBXFileReference; lastKnownFileType = image.png; path = chat_receive_voice2.png; sourceTree = "<group>"; };
		5CA48C191DBDF8140018E368 /* chat_receive_voice3.png */ = {isa = PBXFileReference; lastKnownFileType = image.png; path = chat_receive_voice3.png; sourceTree = "<group>"; };
		5CA48C1A1DBDF8140018E368 /* chat_receive_voice4.png */ = {isa = PBXFileReference; lastKnownFileType = image.png; path = chat_receive_voice4.png; sourceTree = "<group>"; };
		5CA48C1B1DBDF8140018E368 /* chat_receive_voice5.png */ = {isa = PBXFileReference; lastKnownFileType = image.png; path = chat_receive_voice5.png; sourceTree = "<group>"; };
		5CA48C1C1DBDF8140018E368 /* chat_send_voice1.png */ = {isa = PBXFileReference; lastKnownFileType = image.png; path = chat_send_voice1.png; sourceTree = "<group>"; };
		5CA48C1D1DBDF8140018E368 /* chat_send_voice2.png */ = {isa = PBXFileReference; lastKnownFileType = image.png; path = chat_send_voice2.png; sourceTree = "<group>"; };
		5CA48C1E1DBDF8140018E368 /* chat_send_voice3.png */ = {isa = PBXFileReference; lastKnownFileType = image.png; path = chat_send_voice3.png; sourceTree = "<group>"; };
		5CA48C1F1DBDF8140018E368 /* chat_send_voice4.png */ = {isa = PBXFileReference; lastKnownFileType = image.png; path = chat_send_voice4.png; sourceTree = "<group>"; };
		5CA48C201DBDF8140018E368 /* chat_send_voice5.png */ = {isa = PBXFileReference; lastKnownFileType = image.png; path = chat_send_voice5.png; sourceTree = "<group>"; };
		5CA48C211DBDF8140018E368 /* chat_voice_unread.png */ = {isa = PBXFileReference; lastKnownFileType = image.png; path = chat_voice_unread.png; sourceTree = "<group>"; };
		5CA48C221DBDF8140018E368 /* voice_change.png */ = {isa = PBXFileReference; lastKnownFileType = image.png; path = voice_change.png; sourceTree = "<group>"; };
		5CA48C231DBDF8140018E368 /* voice_play_animation_0.png */ = {isa = PBXFileReference; lastKnownFileType = image.png; path = voice_play_animation_0.png; sourceTree = "<group>"; };
		5CA48C241DBDF8140018E368 /* voice_play_animation_1.png */ = {isa = PBXFileReference; lastKnownFileType = image.png; path = voice_play_animation_1.png; sourceTree = "<group>"; };
		5CA48C251DBDF8140018E368 /* voice_play_animation_2.png */ = {isa = PBXFileReference; lastKnownFileType = image.png; path = voice_play_animation_2.png; sourceTree = "<group>"; };
		5CA48C261DBDF8140018E368 /* voice_play_animation_3.png */ = {isa = PBXFileReference; lastKnownFileType = image.png; path = voice_play_animation_3.png; sourceTree = "<group>"; };
		5CA48C271DBDF8140018E368 /* voice_play_animation_4.png */ = {isa = PBXFileReference; lastKnownFileType = image.png; path = voice_play_animation_4.png; sourceTree = "<group>"; };
		5CA48C281DBDF8140018E368 /* voice_play_animation_5.png */ = {isa = PBXFileReference; lastKnownFileType = image.png; path = voice_play_animation_5.png; sourceTree = "<group>"; };
		5CA48C291DBDF8140018E368 /* voice_play_animation_6.png */ = {isa = PBXFileReference; lastKnownFileType = image.png; path = voice_play_animation_6.png; sourceTree = "<group>"; };
		5CA48C2A1DBDF8140018E368 /* voice_play_animation_7.png */ = {isa = PBXFileReference; lastKnownFileType = image.png; path = voice_play_animation_7.png; sourceTree = "<group>"; };
		5CA48C2C1DBDF8140018E368 /* chat_face.png */ = {isa = PBXFileReference; lastKnownFileType = image.png; path = chat_face.png; sourceTree = "<group>"; };
		5CA48C2D1DBDF8140018E368 /* chat_face_HL.png */ = {isa = PBXFileReference; lastKnownFileType = image.png; path = chat_face_HL.png; sourceTree = "<group>"; };
		5CA48C2E1DBDF8140018E368 /* chat_keyboard.png */ = {isa = PBXFileReference; lastKnownFileType = image.png; path = chat_keyboard.png; sourceTree = "<group>"; };
		5CA48C2F1DBDF8140018E368 /* chat_keyboard_HL.png */ = {isa = PBXFileReference; lastKnownFileType = image.png; path = chat_keyboard_HL.png; sourceTree = "<group>"; };
		5CA48C301DBDF8140018E368 /* chat_message_back.png */ = {isa = PBXFileReference; lastKnownFileType = image.png; path = chat_message_back.png; sourceTree = "<group>"; };
		5CA48C311DBDF8140018E368 /* chat_message_receive_1.png */ = {isa = PBXFileReference; lastKnownFileType = image.png; path = chat_message_receive_1.png; sourceTree = "<group>"; };
		5CA48C321DBDF8140018E368 /* chat_message_receive_2.png */ = {isa = PBXFileReference; lastKnownFileType = image.png; path = chat_message_receive_2.png; sourceTree = "<group>"; };
		5CA48C331DBDF8140018E368 /* chat_message_send_1.png */ = {isa = PBXFileReference; lastKnownFileType = image.png; path = chat_message_send_1.png; sourceTree = "<group>"; };
		5CA48C341DBDF8140018E368 /* chat_message_send_2.png */ = {isa = PBXFileReference; lastKnownFileType = image.png; path = chat_message_send_2.png; sourceTree = "<group>"; };
		5CA48C351DBDF8140018E368 /* chat_multimedia.png */ = {isa = PBXFileReference; lastKnownFileType = image.png; path = chat_multimedia.png; sourceTree = "<group>"; };
		5CA48C361DBDF8140018E368 /* chat_multimedia_HL.png */ = {isa = PBXFileReference; lastKnownFileType = image.png; path = chat_multimedia_HL.png; sourceTree = "<group>"; };
		5CA48C371DBDF8140018E368 /* chat_voice.png */ = {isa = PBXFileReference; lastKnownFileType = image.png; path = chat_voice.png; sourceTree = "<group>"; };
		5CA48C381DBDF8140018E368 /* chat_voice_HL.png */ = {isa = PBXFileReference; lastKnownFileType = image.png; path = chat_voice_HL.png; sourceTree = "<group>"; };
		5CA48C3A1DBDF8140018E368 /* chat_location.png */ = {isa = PBXFileReference; lastKnownFileType = image.png; path = chat_location.png; sourceTree = "<group>"; };
		5CA48C3B1DBDF8140018E368 /* message_fail.png */ = {isa = PBXFileReference; lastKnownFileType = image.png; path = message_fail.png; sourceTree = "<group>"; };
		5CA48C3D1DBDF8140018E368 /* headImage.jpeg */ = {isa = PBXFileReference; lastKnownFileType = image.jpeg; path = headImage.jpeg; sourceTree = "<group>"; };
		5CA48C3E1DBDF8140018E368 /* message_bg.jpeg */ = {isa = PBXFileReference; lastKnownFileType = image.jpeg; path = message_bg.jpeg; sourceTree = "<group>"; };
		5CA48C3F1DBDF8140018E368 /* message_bg2.jpg */ = {isa = PBXFileReference; lastKnownFileType = image.jpeg; path = message_bg2.jpg; sourceTree = "<group>"; };
		5CA48C411DBDF8140018E368 /* sharemore_friendcard.png */ = {isa = PBXFileReference; lastKnownFileType = image.png; path = sharemore_friendcard.png; sourceTree = "<group>"; };
		5CA48C421DBDF8140018E368 /* sharemore_location.png */ = {isa = PBXFileReference; lastKnownFileType = image.png; path = sharemore_location.png; sourceTree = "<group>"; };
		5CA48C431DBDF8140018E368 /* sharemore_myfav.png */ = {isa = PBXFileReference; lastKnownFileType = image.png; path = sharemore_myfav.png; sourceTree = "<group>"; };
		5CA48C441DBDF8140018E368 /* sharemore_openapi.png */ = {isa = PBXFileReference; lastKnownFileType = image.png; path = sharemore_openapi.png; sourceTree = "<group>"; };
		5CA48C451DBDF8140018E368 /* sharemore_pic.png */ = {isa = PBXFileReference; lastKnownFileType = image.png; path = sharemore_pic.png; sourceTree = "<group>"; };
		5CA48C461DBDF8140018E368 /* sharemore_video.png */ = {isa = PBXFileReference; lastKnownFileType = image.png; path = sharemore_video.png; sourceTree = "<group>"; };
		5CA48C471DBDF8140018E368 /* sharemore_videovoip.png */ = {isa = PBXFileReference; lastKnownFileType = image.png; path = sharemore_videovoip.png; sourceTree = "<group>"; };
		5CA48C481DBDF8140018E368 /* sharemore_voiceinput.png */ = {isa = PBXFileReference; lastKnownFileType = image.png; path = sharemore_voiceinput.png; sourceTree = "<group>"; };
		5CA48C491DBDF8140018E368 /* sharemore_voipvoice.png */ = {isa = PBXFileReference; lastKnownFileType = image.png; path = sharemore_voipvoice.png; sourceTree = "<group>"; };
		5CA48C4A1DBDF8140018E368 /* sharemore_wxtalk.png */ = {isa = PBXFileReference; lastKnownFileType = image.png; path = sharemore_wxtalk.png; sourceTree = "<group>"; };
		5CA48C4C1DBDF8140018E368 /* chat_video.png */ = {isa = PBXFileReference; lastKnownFileType = image.png; path = chat_video.png; sourceTree = "<group>"; };
		5CA48C4F1DBDF8140018E368 /* SHMessageContentView.h */ = {isa = PBXFileReference; fileEncoding = 4; lastKnownFileType = sourcecode.c.h; path = SHMessageContentView.h; sourceTree = "<group>"; };
		5CA48C501DBDF8140018E368 /* SHMessageContentView.m */ = {isa = PBXFileReference; fileEncoding = 4; lastKnownFileType = sourcecode.c.objc; path = SHMessageContentView.m; sourceTree = "<group>"; };
		5CA48C521DBDF8140018E368 /* SHActivityIndicatorView.h */ = {isa = PBXFileReference; fileEncoding = 4; lastKnownFileType = sourcecode.c.h; path = SHActivityIndicatorView.h; sourceTree = "<group>"; };
		5CA48C531DBDF8140018E368 /* SHActivityIndicatorView.m */ = {isa = PBXFileReference; fileEncoding = 4; lastKnownFileType = sourcecode.c.objc; path = SHActivityIndicatorView.m; sourceTree = "<group>"; };
		5CA48C541DBDF8140018E368 /* SHMessageVoiceHUD.h */ = {isa = PBXFileReference; fileEncoding = 4; lastKnownFileType = sourcecode.c.h; path = SHMessageVoiceHUD.h; sourceTree = "<group>"; };
		5CA48C551DBDF8140018E368 /* SHMessageVoiceHUD.m */ = {isa = PBXFileReference; fileEncoding = 4; lastKnownFileType = sourcecode.c.objc; path = SHMessageVoiceHUD.m; sourceTree = "<group>"; };
		5CA48C571DBDF8140018E368 /* SHMessageInputView.h */ = {isa = PBXFileReference; fileEncoding = 4; lastKnownFileType = sourcecode.c.h; path = SHMessageInputView.h; sourceTree = "<group>"; };
		5CA48C581DBDF8140018E368 /* SHMessageInputView.m */ = {isa = PBXFileReference; fileEncoding = 4; lastKnownFileType = sourcecode.c.objc; path = SHMessageInputView.m; sourceTree = "<group>"; };
		5CA48C5A1DBDF8140018E368 /* SHShareMenuItem.h */ = {isa = PBXFileReference; fileEncoding = 4; lastKnownFileType = sourcecode.c.h; path = SHShareMenuItem.h; sourceTree = "<group>"; };
		5CA48C5B1DBDF8140018E368 /* SHShareMenuItem.m */ = {isa = PBXFileReference; fileEncoding = 4; lastKnownFileType = sourcecode.c.objc; path = SHShareMenuItem.m; sourceTree = "<group>"; };
		5CA48C5C1DBDF8140018E368 /* SHShareMenuView.h */ = {isa = PBXFileReference; fileEncoding = 4; lastKnownFileType = sourcecode.c.h; path = SHShareMenuView.h; sourceTree = "<group>"; };
		5CA48C5D1DBDF8140018E368 /* SHShareMenuView.m */ = {isa = PBXFileReference; fileEncoding = 4; lastKnownFileType = sourcecode.c.objc; path = SHShareMenuView.m; sourceTree = "<group>"; };
		5CA48C5F1DBDF8140018E368 /* 1.amr */ = {isa = PBXFileReference; lastKnownFileType = file; path = 1.amr; sourceTree = "<group>"; };
		5CA48C601DBDF8140018E368 /* 1.jpg */ = {isa = PBXFileReference; lastKnownFileType = image.jpeg; path = 1.jpg; sourceTree = "<group>"; };
		5CA48C611DBDF8140018E368 /* 1.wav */ = {isa = PBXFileReference; lastKnownFileType = audio.wav; path = 1.wav; sourceTree = "<group>"; };
/* End PBXFileReference section */

/* Begin PBXFrameworksBuildPhase section */
		5CA48BAC1DBDF7C10018E368 /* Frameworks */ = {
			isa = PBXFrameworksBuildPhase;
			buildActionMask = 2147483647;
			files = (
				5CA48C711DBDF8140018E368 /* libopencore-amrwb.a.arm64 in Frameworks */,
				5CA48C6E1DBDF8140018E368 /* libopencore-amrnb.a.i386 in Frameworks */,
				5CA48C6A1DBDF8140018E368 /* libopencore-amrnb.a in Frameworks */,
				5CA48C741DBDF8140018E368 /* libopencore-amrwb.a.i386 in Frameworks */,
				5CA48C6B1DBDF8140018E368 /* libopencore-amrnb.a.arm64 in Frameworks */,
				5CA48C6F1DBDF8140018E368 /* libopencore-amrnb.a.x86_64 in Frameworks */,
				5CA48C731DBDF8140018E368 /* libopencore-amrwb.a.armv7s in Frameworks */,
				5CA48C6D1DBDF8140018E368 /* libopencore-amrnb.a.armv7s in Frameworks */,
				5CA48C701DBDF8140018E368 /* libopencore-amrwb.a in Frameworks */,
				5CA48C6C1DBDF8140018E368 /* libopencore-amrnb.a.armv7 in Frameworks */,
				5CA48C751DBDF8140018E368 /* libopencore-amrwb.a.x86_64 in Frameworks */,
				5CA48C721DBDF8140018E368 /* libopencore-amrwb.a.armv7 in Frameworks */,
			);
			runOnlyForDeploymentPostprocessing = 0;
		};
/* End PBXFrameworksBuildPhase section */

/* Begin PBXGroup section */
		5CA48BA61DBDF7C10018E368 = {
			isa = PBXGroup;
			children = (
				5CA48BB11DBDF7C10018E368 /* SHChatUI */,
				5CA48BB01DBDF7C10018E368 /* Products */,
			);
			sourceTree = "<group>";
		};
		5CA48BB01DBDF7C10018E368 /* Products */ = {
			isa = PBXGroup;
			children = (
				5CA48BAF1DBDF7C10018E368 /* SHChatUI.app */,
			);
			name = Products;
			sourceTree = "<group>";
		};
		5CA48BB11DBDF7C10018E368 /* SHChatUI */ = {
			isa = PBXGroup;
			children = (
				5CA48BC91DBDF8140018E368 /* SHChatMessageUI */,
				5CA48BB51DBDF7C10018E368 /* AppDelegate.h */,
				5CA48BB61DBDF7C10018E368 /* AppDelegate.m */,
				5CA48BB81DBDF7C10018E368 /* ViewController.h */,
				5CA48BB91DBDF7C10018E368 /* ViewController.m */,
				5CA48BBB1DBDF7C10018E368 /* Main.storyboard */,
				5CA48BBE1DBDF7C10018E368 /* Assets.xcassets */,
				5CA48BC01DBDF7C10018E368 /* LaunchScreen.storyboard */,
				5CA48BC31DBDF7C10018E368 /* Info.plist */,
				5CA48BB21DBDF7C10018E368 /* Supporting Files */,
			);
			path = SHChatUI;
			sourceTree = "<group>";
		};
		5CA48BB21DBDF7C10018E368 /* Supporting Files */ = {
			isa = PBXGroup;
			children = (
				5CA48BB31DBDF7C10018E368 /* main.m */,
			);
			name = "Supporting Files";
			sourceTree = "<group>";
		};
		5CA48BC91DBDF8140018E368 /* SHChatMessageUI */ = {
			isa = PBXGroup;
			children = (
				5CA48BCA1DBDF8140018E368 /* Controllers */,
				5CA48BD41DBDF8140018E368 /* Header */,
				5CA48BD61DBDF8140018E368 /* Helper */,
				5CA48C0C1DBDF8140018E368 /* Models */,
				5CA48C151DBDF8140018E368 /* Resources */,
				5CA48C4D1DBDF8140018E368 /* Views */,
				5CA48C5E1DBDF8140018E368 /* 假数据 */,
			);
			path = SHChatMessageUI;
			sourceTree = "<group>";
		};
		5CA48BCA1DBDF8140018E368 /* Controllers */ = {
			isa = PBXGroup;
			children = (
				5CA48BCB1DBDF8140018E368 /* Cell */,
				5CA48BCE1DBDF8140018E368 /* SHChatLocationController */,
				5CA48BD11DBDF8140018E368 /* SHChatMessageViewController.h */,
				5CA48BD21DBDF8140018E368 /* SHChatMessageViewController.m */,
				5CA48BD31DBDF8140018E368 /* SHChatMessageViewController.storyboard */,
			);
			path = Controllers;
			sourceTree = "<group>";
		};
		5CA48BCB1DBDF8140018E368 /* Cell */ = {
			isa = PBXGroup;
			children = (
				5CA48BCC1DBDF8140018E368 /* SHCahtMessageTableViewCell.h */,
				5CA48BCD1DBDF8140018E368 /* SHCahtMessageTableViewCell.m */,
			);
			path = Cell;
			sourceTree = "<group>";
		};
		5CA48BCE1DBDF8140018E368 /* SHChatLocationController */ = {
			isa = PBXGroup;
			children = (
				5CA48BCF1DBDF8140018E368 /* SHChatMessageLocationViewController.h */,
				5CA48BD01DBDF8140018E368 /* SHChatMessageLocationViewController.m */,
			);
			path = SHChatLocationController;
			sourceTree = "<group>";
		};
		5CA48BD41DBDF8140018E368 /* Header */ = {
			isa = PBXGroup;
			children = (
				5CA48BD51DBDF8140018E368 /* SHMessageMacroHeader.h */,
			);
			path = Header;
			sourceTree = "<group>";
		};
		5CA48BD61DBDF8140018E368 /* Helper */ = {
			isa = PBXGroup;
			children = (
				5CA48BD71DBDF8140018E368 /* Audio */,
				5CA48BFA1DBDF8140018E368 /* Image */,
				5CA48BFD1DBDF8140018E368 /* SHDownLoad */,
				5CA48C031DBDF8140018E368 /* SHFileHelper */,
				5CA48C061DBDF8140018E368 /* Time */,
				5CA48C091DBDF8140018E368 /* Video */,
			);
			path = Helper;
			sourceTree = "<group>";
		};
		5CA48BD71DBDF8140018E368 /* Audio */ = {
			isa = PBXGroup;
			children = (
				5CA48BD81DBDF8140018E368 /* SHAudioPlayerHelper.h */,
				5CA48BD91DBDF8140018E368 /* SHAudioPlayerHelper.m */,
				5CA48BDA1DBDF8140018E368 /* SHVoiceRecordHelper.h */,
				5CA48BDB1DBDF8140018E368 /* SHVoiceRecordHelper.m */,
				5CA48BDC1DBDF8140018E368 /* VoiceConvert */,
			);
			path = Audio;
			sourceTree = "<group>";
		};
		5CA48BDC1DBDF8140018E368 /* VoiceConvert */ = {
			isa = PBXGroup;
			children = (
				5CA48BDD1DBDF8140018E368 /* amrwapper */,
				5CA48BE21DBDF8140018E368 /* lib */,
				5CA48BF21DBDF8140018E368 /* opencore-amrnb */,
				5CA48BF51DBDF8140018E368 /* opencore-amrwb */,
				5CA48BF81DBDF8140018E368 /* VoiceConverter.h */,
				5CA48BF91DBDF8140018E368 /* VoiceConverter.mm */,
			);
			path = VoiceConvert;
			sourceTree = "<group>";
		};
		5CA48BDD1DBDF8140018E368 /* amrwapper */ = {
			isa = PBXGroup;
			children = (
				5CA48BDE1DBDF8140018E368 /* amrFileCodec.h */,
				5CA48BDF1DBDF8140018E368 /* amrFileCodec.mm */,
				5CA48BE01DBDF8140018E368 /* wav.h */,
				5CA48BE11DBDF8140018E368 /* wav.mm */,
			);
			path = amrwapper;
			sourceTree = "<group>";
		};
		5CA48BE21DBDF8140018E368 /* lib */ = {
			isa = PBXGroup;
			children = (
				5CA48BE31DBDF8140018E368 /* libopencore-amrnb.a */,
				5CA48BE41DBDF8140018E368 /* libopencore-amrnb.a.arm64 */,
				5CA48BE51DBDF8140018E368 /* libopencore-amrnb.a.armv7 */,
				5CA48BE61DBDF8140018E368 /* libopencore-amrnb.a.armv7s */,
				5CA48BE71DBDF8140018E368 /* libopencore-amrnb.a.i386 */,
				5CA48BE81DBDF8140018E368 /* libopencore-amrnb.a.x86_64 */,
				5CA48BE91DBDF8140018E368 /* libopencore-amrwb.a */,
				5CA48BEA1DBDF8140018E368 /* libopencore-amrwb.a.arm64 */,
				5CA48BEB1DBDF8140018E368 /* libopencore-amrwb.a.armv7 */,
				5CA48BEC1DBDF8140018E368 /* libopencore-amrwb.a.armv7s */,
				5CA48BED1DBDF8140018E368 /* libopencore-amrwb.a.i386 */,
				5CA48BEE1DBDF8140018E368 /* libopencore-amrwb.a.x86_64 */,
				5CA48BEF1DBDF8140018E368 /* pkgconfig */,
			);
			path = lib;
			sourceTree = "<group>";
		};
		5CA48BEF1DBDF8140018E368 /* pkgconfig */ = {
			isa = PBXGroup;
			children = (
				5CA48BF01DBDF8140018E368 /* opencore-amrnb.pc */,
				5CA48BF11DBDF8140018E368 /* opencore-amrwb.pc */,
			);
			path = pkgconfig;
			sourceTree = "<group>";
		};
		5CA48BF21DBDF8140018E368 /* opencore-amrnb */ = {
			isa = PBXGroup;
			children = (
				5CA48BF31DBDF8140018E368 /* interf_dec.h */,
				5CA48BF41DBDF8140018E368 /* interf_enc.h */,
			);
			path = "opencore-amrnb";
			sourceTree = "<group>";
		};
		5CA48BF51DBDF8140018E368 /* opencore-amrwb */ = {
			isa = PBXGroup;
			children = (
				5CA48BF61DBDF8140018E368 /* dec_if.h */,
				5CA48BF71DBDF8140018E368 /* if_rom.h */,
			);
			path = "opencore-amrwb";
			sourceTree = "<group>";
		};
		5CA48BFA1DBDF8140018E368 /* Image */ = {
			isa = PBXGroup;
			children = (
				5CA48BFB1DBDF8140018E368 /* SHImageAvatarBrowser.h */,
				5CA48BFC1DBDF8140018E368 /* SHImageAvatarBrowser.m */,
			);
			path = Image;
			sourceTree = "<group>";
		};
		5CA48BFD1DBDF8140018E368 /* SHDownLoad */ = {
			isa = PBXGroup;
			children = (
				5CA48BFE1DBDF8140018E368 /* Model */,
				5CA48C011DBDF8140018E368 /* SHDownloadManager.h */,
				5CA48C021DBDF8140018E368 /* SHDownloadManager.m */,
			);
			path = SHDownLoad;
			sourceTree = "<group>";
		};
		5CA48BFE1DBDF8140018E368 /* Model */ = {
			isa = PBXGroup;
			children = (
				5CA48BFF1DBDF8140018E368 /* SHDownloadModel.h */,
				5CA48C001DBDF8140018E368 /* SHDownloadModel.m */,
			);
			path = Model;
			sourceTree = "<group>";
		};
		5CA48C031DBDF8140018E368 /* SHFileHelper */ = {
			isa = PBXGroup;
			children = (
				5CA48C041DBDF8140018E368 /* SHFileHelper.h */,
				5CA48C051DBDF8140018E368 /* SHFileHelper.m */,
			);
			path = SHFileHelper;
			sourceTree = "<group>";
		};
		5CA48C061DBDF8140018E368 /* Time */ = {
			isa = PBXGroup;
			children = (
				5CA48C071DBDF8140018E368 /* SHMessageTimeHelper.h */,
				5CA48C081DBDF8140018E368 /* SHMessageTimeHelper.m */,
			);
			path = Time;
			sourceTree = "<group>";
		};
		5CA48C091DBDF8140018E368 /* Video */ = {
			isa = PBXGroup;
			children = (
				5CA48C0A1DBDF8140018E368 /* SHMessageVideoHelper.h */,
				5CA48C0B1DBDF8140018E368 /* SHMessageVideoHelper.m */,
			);
			path = Video;
			sourceTree = "<group>";
		};
		5CA48C0C1DBDF8140018E368 /* Models */ = {
			isa = PBXGroup;
			children = (
				5CA48C0D1DBDF8140018E368 /* SHLocation.h */,
				5CA48C0E1DBDF8140018E368 /* SHLocation.m */,
				5CA48C0F1DBDF8140018E368 /* SHMessage.h */,
				5CA48C101DBDF8140018E368 /* SHMessage.m */,
				5CA48C111DBDF8140018E368 /* SHMessageFrame.h */,
				5CA48C121DBDF8140018E368 /* SHMessageFrame.m */,
				5CA48C131DBDF8140018E368 /* SHMessageType.h */,
				5CA48C141DBDF8140018E368 /* SHMessageType.m */,
			);
			path = Models;
			sourceTree = "<group>";
		};
		5CA48C151DBDF8140018E368 /* Resources */ = {
			isa = PBXGroup;
			children = (
				5CA48C161DBDF8140018E368 /* Audio */,
				5CA48C2B1DBDF8140018E368 /* InputToolBar */,
				5CA48C391DBDF8140018E368 /* Location */,
				5CA48C3B1DBDF8140018E368 /* message_fail.png */,
				5CA48C3C1DBDF8140018E368 /* photo */,
				5CA48C401DBDF8140018E368 /* ShareMore */,
				5CA48C4B1DBDF8140018E368 /* Video */,
			);
			path = Resources;
			sourceTree = "<group>";
		};
		5CA48C161DBDF8140018E368 /* Audio */ = {
			isa = PBXGroup;
			children = (
				5CA48C171DBDF8140018E368 /* chat_receive_voice1.png */,
				5CA48C181DBDF8140018E368 /* chat_receive_voice2.png */,
				5CA48C191DBDF8140018E368 /* chat_receive_voice3.png */,
				5CA48C1A1DBDF8140018E368 /* chat_receive_voice4.png */,
				5CA48C1B1DBDF8140018E368 /* chat_receive_voice5.png */,
				5CA48C1C1DBDF8140018E368 /* chat_send_voice1.png */,
				5CA48C1D1DBDF8140018E368 /* chat_send_voice2.png */,
				5CA48C1E1DBDF8140018E368 /* chat_send_voice3.png */,
				5CA48C1F1DBDF8140018E368 /* chat_send_voice4.png */,
				5CA48C201DBDF8140018E368 /* chat_send_voice5.png */,
				5CA48C211DBDF8140018E368 /* chat_voice_unread.png */,
				5CA48C221DBDF8140018E368 /* voice_change.png */,
				5CA48C231DBDF8140018E368 /* voice_play_animation_0.png */,
				5CA48C241DBDF8140018E368 /* voice_play_animation_1.png */,
				5CA48C251DBDF8140018E368 /* voice_play_animation_2.png */,
				5CA48C261DBDF8140018E368 /* voice_play_animation_3.png */,
				5CA48C271DBDF8140018E368 /* voice_play_animation_4.png */,
				5CA48C281DBDF8140018E368 /* voice_play_animation_5.png */,
				5CA48C291DBDF8140018E368 /* voice_play_animation_6.png */,
				5CA48C2A1DBDF8140018E368 /* voice_play_animation_7.png */,
			);
			path = Audio;
			sourceTree = "<group>";
		};
		5CA48C2B1DBDF8140018E368 /* InputToolBar */ = {
			isa = PBXGroup;
			children = (
				5CA48C2C1DBDF8140018E368 /* chat_face.png */,
				5CA48C2D1DBDF8140018E368 /* chat_face_HL.png */,
				5CA48C2E1DBDF8140018E368 /* chat_keyboard.png */,
				5CA48C2F1DBDF8140018E368 /* chat_keyboard_HL.png */,
				5CA48C301DBDF8140018E368 /* chat_message_back.png */,
				5CA48C311DBDF8140018E368 /* chat_message_receive_1.png */,
				5CA48C321DBDF8140018E368 /* chat_message_receive_2.png */,
				5CA48C331DBDF8140018E368 /* chat_message_send_1.png */,
				5CA48C341DBDF8140018E368 /* chat_message_send_2.png */,
				5CA48C351DBDF8140018E368 /* chat_multimedia.png */,
				5CA48C361DBDF8140018E368 /* chat_multimedia_HL.png */,
				5CA48C371DBDF8140018E368 /* chat_voice.png */,
				5CA48C381DBDF8140018E368 /* chat_voice_HL.png */,
			);
			path = InputToolBar;
			sourceTree = "<group>";
		};
		5CA48C391DBDF8140018E368 /* Location */ = {
			isa = PBXGroup;
			children = (
				5CA48C3A1DBDF8140018E368 /* chat_location.png */,
			);
			path = Location;
			sourceTree = "<group>";
		};
		5CA48C3C1DBDF8140018E368 /* photo */ = {
			isa = PBXGroup;
			children = (
				5CA48C3D1DBDF8140018E368 /* headImage.jpeg */,
				5CA48C3E1DBDF8140018E368 /* message_bg.jpeg */,
				5CA48C3F1DBDF8140018E368 /* message_bg2.jpg */,
			);
			path = photo;
			sourceTree = "<group>";
		};
		5CA48C401DBDF8140018E368 /* ShareMore */ = {
			isa = PBXGroup;
			children = (
				5CA48C411DBDF8140018E368 /* sharemore_friendcard.png */,
				5CA48C421DBDF8140018E368 /* sharemore_location.png */,
				5CA48C431DBDF8140018E368 /* sharemore_myfav.png */,
				5CA48C441DBDF8140018E368 /* sharemore_openapi.png */,
				5CA48C451DBDF8140018E368 /* sharemore_pic.png */,
				5CA48C461DBDF8140018E368 /* sharemore_video.png */,
				5CA48C471DBDF8140018E368 /* sharemore_videovoip.png */,
				5CA48C481DBDF8140018E368 /* sharemore_voiceinput.png */,
				5CA48C491DBDF8140018E368 /* sharemore_voipvoice.png */,
				5CA48C4A1DBDF8140018E368 /* sharemore_wxtalk.png */,
			);
			path = ShareMore;
			sourceTree = "<group>";
		};
		5CA48C4B1DBDF8140018E368 /* Video */ = {
			isa = PBXGroup;
			children = (
				5CA48C4C1DBDF8140018E368 /* chat_video.png */,
			);
			path = Video;
			sourceTree = "<group>";
		};
		5CA48C4D1DBDF8140018E368 /* Views */ = {
			isa = PBXGroup;
			children = (
				5CA48C4E1DBDF8140018E368 /* MessageContentView */,
				5CA48C511DBDF8140018E368 /* MessageHelperView */,
				5CA48C561DBDF8140018E368 /* MessageInPutView */,
				5CA48C591DBDF8140018E368 /* MessageMenuView */,
			);
			path = Views;
			sourceTree = "<group>";
		};
		5CA48C4E1DBDF8140018E368 /* MessageContentView */ = {
			isa = PBXGroup;
			children = (
				5CA48C4F1DBDF8140018E368 /* SHMessageContentView.h */,
				5CA48C501DBDF8140018E368 /* SHMessageContentView.m */,
			);
			path = MessageContentView;
			sourceTree = "<group>";
		};
		5CA48C511DBDF8140018E368 /* MessageHelperView */ = {
			isa = PBXGroup;
			children = (
				5CA48C521DBDF8140018E368 /* SHActivityIndicatorView.h */,
				5CA48C531DBDF8140018E368 /* SHActivityIndicatorView.m */,
				5CA48C541DBDF8140018E368 /* SHMessageVoiceHUD.h */,
				5CA48C551DBDF8140018E368 /* SHMessageVoiceHUD.m */,
			);
			path = MessageHelperView;
			sourceTree = "<group>";
		};
		5CA48C561DBDF8140018E368 /* MessageInPutView */ = {
			isa = PBXGroup;
			children = (
				5CA48C571DBDF8140018E368 /* SHMessageInputView.h */,
				5CA48C581DBDF8140018E368 /* SHMessageInputView.m */,
			);
			path = MessageInPutView;
			sourceTree = "<group>";
		};
		5CA48C591DBDF8140018E368 /* MessageMenuView */ = {
			isa = PBXGroup;
			children = (
				5CA48C5A1DBDF8140018E368 /* SHShareMenuItem.h */,
				5CA48C5B1DBDF8140018E368 /* SHShareMenuItem.m */,
				5CA48C5C1DBDF8140018E368 /* SHShareMenuView.h */,
				5CA48C5D1DBDF8140018E368 /* SHShareMenuView.m */,
			);
			path = MessageMenuView;
			sourceTree = "<group>";
		};
		5CA48C5E1DBDF8140018E368 /* 假数据 */ = {
			isa = PBXGroup;
			children = (
				5CA48C5F1DBDF8140018E368 /* 1.amr */,
				5CA48C601DBDF8140018E368 /* 1.jpg */,
				5CA48C611DBDF8140018E368 /* 1.wav */,
			);
			path = "假数据";
			sourceTree = "<group>";
		};
/* End PBXGroup section */

/* Begin PBXNativeTarget section */
		5CA48BAE1DBDF7C10018E368 /* SHChatUI */ = {
			isa = PBXNativeTarget;
			buildConfigurationList = 5CA48BC61DBDF7C10018E368 /* Build configuration list for PBXNativeTarget "SHChatUI" */;
			buildPhases = (
				5CA48BAB1DBDF7C10018E368 /* Sources */,
				5CA48BAC1DBDF7C10018E368 /* Frameworks */,
				5CA48BAD1DBDF7C10018E368 /* Resources */,
			);
			buildRules = (
			);
			dependencies = (
			);
			name = SHChatUI;
			productName = SHChatUI;
			productReference = 5CA48BAF1DBDF7C10018E368 /* SHChatUI.app */;
			productType = "com.apple.product-type.application";
		};
/* End PBXNativeTarget section */

/* Begin PBXProject section */
		5CA48BA71DBDF7C10018E368 /* Project object */ = {
			isa = PBXProject;
			attributes = {
				LastUpgradeCheck = 0800;
				ORGANIZATIONNAME = CSH;
				TargetAttributes = {
					5CA48BAE1DBDF7C10018E368 = {
						CreatedOnToolsVersion = 8.0;
						DevelopmentTeam = UEL8KCF6LJ;
						ProvisioningStyle = Automatic;
					};
				};
			};
			buildConfigurationList = 5CA48BAA1DBDF7C10018E368 /* Build configuration list for PBXProject "SHChatUI" */;
			compatibilityVersion = "Xcode 3.2";
			developmentRegion = English;
			hasScannedForEncodings = 0;
			knownRegions = (
				en,
				Base,
			);
			mainGroup = 5CA48BA61DBDF7C10018E368;
			productRefGroup = 5CA48BB01DBDF7C10018E368 /* Products */;
			projectDirPath = "";
			projectRoot = "";
			targets = (
				5CA48BAE1DBDF7C10018E368 /* SHChatUI */,
			);
		};
/* End PBXProject section */

/* Begin PBXResourcesBuildPhase section */
		5CA48BAD1DBDF7C10018E368 /* Resources */ = {
			isa = PBXResourcesBuildPhase;
			buildActionMask = 2147483647;
			files = (
				5CA48CAF1DBDF8140018E368 /* sharemore_videovoip.png in Resources */,
				5CA48C651DBDF8140018E368 /* SHChatMessageViewController.storyboard in Resources */,
				5CA48C831DBDF8140018E368 /* chat_receive_voice1.png in Resources */,
				5CA48CA21DBDF8140018E368 /* chat_voice.png in Resources */,
				5CA48C771DBDF8140018E368 /* opencore-amrwb.pc in Resources */,
				5CA48CA41DBDF8140018E368 /* chat_location.png in Resources */,
				5CA48CA61DBDF8140018E368 /* headImage.jpeg in Resources */,
				5CA48C9C1DBDF8140018E368 /* chat_message_receive_1.png in Resources */,
				5CA48CA51DBDF8140018E368 /* message_fail.png in Resources */,
				5CA48C991DBDF8140018E368 /* chat_keyboard.png in Resources */,
				5CA48CAC1DBDF8140018E368 /* sharemore_openapi.png in Resources */,
				5CA48C931DBDF8140018E368 /* voice_play_animation_4.png in Resources */,
				5CA48CB11DBDF8140018E368 /* sharemore_voipvoice.png in Resources */,
				5CA48C981DBDF8140018E368 /* chat_face_HL.png in Resources */,
				5CA48CA31DBDF8140018E368 /* chat_voice_HL.png in Resources */,
				5CA48C9E1DBDF8140018E368 /* chat_message_send_1.png in Resources */,
				5CA48CA01DBDF8140018E368 /* chat_multimedia.png in Resources */,
				5CA48C901DBDF8140018E368 /* voice_play_animation_1.png in Resources */,
				5CA48C971DBDF8140018E368 /* chat_face.png in Resources */,
				5CA48C8B1DBDF8140018E368 /* chat_send_voice4.png in Resources */,
				5CA48CA11DBDF8140018E368 /* chat_multimedia_HL.png in Resources */,
				5CA48C861DBDF8140018E368 /* chat_receive_voice4.png in Resources */,
				5CA48CAA1DBDF8140018E368 /* sharemore_location.png in Resources */,
				5CA48CB21DBDF8140018E368 /* sharemore_wxtalk.png in Resources */,
				5CA48C9F1DBDF8140018E368 /* chat_message_send_2.png in Resources */,
				5CA48C841DBDF8140018E368 /* chat_receive_voice2.png in Resources */,
				5CA48C8E1DBDF8140018E368 /* voice_change.png in Resources */,
				5CA48BC21DBDF7C10018E368 /* LaunchScreen.storyboard in Resources */,
				5CA48CB31DBDF8140018E368 /* chat_video.png in Resources */,
				5CA48C921DBDF8140018E368 /* voice_play_animation_3.png in Resources */,
				5CA48CA71DBDF8140018E368 /* message_bg.jpeg in Resources */,
				5CA48C941DBDF8140018E368 /* voice_play_animation_5.png in Resources */,
				5CA48CAB1DBDF8140018E368 /* sharemore_myfav.png in Resources */,
				5CA48C881DBDF8140018E368 /* chat_send_voice1.png in Resources */,
				5CA48CAE1DBDF8140018E368 /* sharemore_video.png in Resources */,
				5CA48C9A1DBDF8140018E368 /* chat_keyboard_HL.png in Resources */,
				5CA48BBF1DBDF7C10018E368 /* Assets.xcassets in Resources */,
				5CA48CA81DBDF8140018E368 /* message_bg2.jpg in Resources */,
				5CA48C851DBDF8140018E368 /* chat_receive_voice3.png in Resources */,
				5CA48CBB1DBDF8140018E368 /* 1.jpg in Resources */,
				5CA48C8F1DBDF8140018E368 /* voice_play_animation_0.png in Resources */,
				5CA48C8D1DBDF8140018E368 /* chat_voice_unread.png in Resources */,
				5CA48CBC1DBDF8140018E368 /* 1.wav in Resources */,
				5CA48C961DBDF8140018E368 /* voice_play_animation_7.png in Resources */,
				5CA48CAD1DBDF8140018E368 /* sharemore_pic.png in Resources */,
				5CA48C911DBDF8140018E368 /* voice_play_animation_2.png in Resources */,
				5CA48CBA1DBDF8140018E368 /* 1.amr in Resources */,
				5CA48C8C1DBDF8140018E368 /* chat_send_voice5.png in Resources */,
				5CA48C891DBDF8140018E368 /* chat_send_voice2.png in Resources */,
				5CA48C8A1DBDF8140018E368 /* chat_send_voice3.png in Resources */,
				5CA48C9D1DBDF8140018E368 /* chat_message_receive_2.png in Resources */,
				5CA48CA91DBDF8140018E368 /* sharemore_friendcard.png in Resources */,
				5CA48CB01DBDF8140018E368 /* sharemore_voiceinput.png in Resources */,
				5CA48C761DBDF8140018E368 /* opencore-amrnb.pc in Resources */,
				5CA48C9B1DBDF8140018E368 /* chat_message_back.png in Resources */,
				5CA48C951DBDF8140018E368 /* voice_play_animation_6.png in Resources */,
				5CA48C871DBDF8140018E368 /* chat_receive_voice5.png in Resources */,
				5CA48BBD1DBDF7C10018E368 /* Main.storyboard in Resources */,
			);
			runOnlyForDeploymentPostprocessing = 0;
		};
/* End PBXResourcesBuildPhase section */

/* Begin PBXSourcesBuildPhase section */
		5CA48BAB1DBDF7C10018E368 /* Sources */ = {
			isa = PBXSourcesBuildPhase;
			buildActionMask = 2147483647;
			files = (
				5CA48C691DBDF8140018E368 /* wav.mm in Sources */,
				5CA48C671DBDF8140018E368 /* SHVoiceRecordHelper.m in Sources */,
				5CA48C7C1DBDF8140018E368 /* SHFileHelper.m in Sources */,
				5CA48C7F1DBDF8140018E368 /* SHLocation.m in Sources */,
				5CA48C7E1DBDF8140018E368 /* SHMessageVideoHelper.m in Sources */,
				5CA48CB71DBDF8140018E368 /* SHMessageInputView.m in Sources */,
				5CA48CB61DBDF8140018E368 /* SHMessageVoiceHUD.m in Sources */,
				5CA48BBA1DBDF7C10018E368 /* ViewController.m in Sources */,
				5CA48C661DBDF8140018E368 /* SHAudioPlayerHelper.m in Sources */,
				5CA48C821DBDF8140018E368 /* SHMessageType.m in Sources */,
				5CA48CB81DBDF8140018E368 /* SHShareMenuItem.m in Sources */,
				5CA48C781DBDF8140018E368 /* VoiceConverter.mm in Sources */,
				5CA48C631DBDF8140018E368 /* SHChatMessageLocationViewController.m in Sources */,
				5CA48C7B1DBDF8140018E368 /* SHDownloadManager.m in Sources */,
				5CA48BB71DBDF7C10018E368 /* AppDelegate.m in Sources */,
				5CA48C801DBDF8140018E368 /* SHMessage.m in Sources */,
				5CA48CB91DBDF8140018E368 /* SHShareMenuView.m in Sources */,
				5CA48CB51DBDF8140018E368 /* SHActivityIndicatorView.m in Sources */,
				5CA48C641DBDF8140018E368 /* SHChatMessageViewController.m in Sources */,
				5CA48C681DBDF8140018E368 /* amrFileCodec.mm in Sources */,
				5CA48C811DBDF8140018E368 /* SHMessageFrame.m in Sources */,
				5CA48C621DBDF8140018E368 /* SHCahtMessageTableViewCell.m in Sources */,
				5CA48C791DBDF8140018E368 /* SHImageAvatarBrowser.m in Sources */,
				5CA48BB41DBDF7C10018E368 /* main.m in Sources */,
				5CA48C7A1DBDF8140018E368 /* SHDownloadModel.m in Sources */,
				5CA48C7D1DBDF8140018E368 /* SHMessageTimeHelper.m in Sources */,
				5CA48CB41DBDF8140018E368 /* SHMessageContentView.m in Sources */,
			);
			runOnlyForDeploymentPostprocessing = 0;
		};
/* End PBXSourcesBuildPhase section */

/* Begin PBXVariantGroup section */
		5CA48BBB1DBDF7C10018E368 /* Main.storyboard */ = {
			isa = PBXVariantGroup;
			children = (
				5CA48BBC1DBDF7C10018E368 /* Base */,
			);
			name = Main.storyboard;
			sourceTree = "<group>";
		};
		5CA48BC01DBDF7C10018E368 /* LaunchScreen.storyboard */ = {
			isa = PBXVariantGroup;
			children = (
				5CA48BC11DBDF7C10018E368 /* Base */,
			);
			name = LaunchScreen.storyboard;
			sourceTree = "<group>";
		};
/* End PBXVariantGroup section */

/* Begin XCBuildConfiguration section */
		5CA48BC41DBDF7C10018E368 /* Debug */ = {
			isa = XCBuildConfiguration;
			buildSettings = {
				ALWAYS_SEARCH_USER_PATHS = NO;
				CLANG_ANALYZER_NONNULL = YES;
				CLANG_CXX_LANGUAGE_STANDARD = "gnu++0x";
				CLANG_CXX_LIBRARY = "libc++";
				CLANG_ENABLE_MODULES = YES;
				CLANG_ENABLE_OBJC_ARC = YES;
				CLANG_WARN_BOOL_CONVERSION = YES;
				CLANG_WARN_CONSTANT_CONVERSION = YES;
				CLANG_WARN_DIRECT_OBJC_ISA_USAGE = YES_ERROR;
				CLANG_WARN_DOCUMENTATION_COMMENTS = YES;
				CLANG_WARN_EMPTY_BODY = YES;
				CLANG_WARN_ENUM_CONVERSION = YES;
				CLANG_WARN_INFINITE_RECURSION = YES;
				CLANG_WARN_INT_CONVERSION = YES;
				CLANG_WARN_OBJC_ROOT_CLASS = YES_ERROR;
				CLANG_WARN_SUSPICIOUS_MOVES = YES;
				CLANG_WARN_UNREACHABLE_CODE = YES;
				CLANG_WARN__DUPLICATE_METHOD_MATCH = YES;
				"CODE_SIGN_IDENTITY[sdk=iphoneos*]" = "iPhone Developer";
				COPY_PHASE_STRIP = NO;
				DEBUG_INFORMATION_FORMAT = dwarf;
				ENABLE_STRICT_OBJC_MSGSEND = YES;
				ENABLE_TESTABILITY = YES;
				GCC_C_LANGUAGE_STANDARD = gnu99;
				GCC_DYNAMIC_NO_PIC = NO;
				GCC_NO_COMMON_BLOCKS = YES;
				GCC_OPTIMIZATION_LEVEL = 0;
				GCC_PREPROCESSOR_DEFINITIONS = (
					"DEBUG=1",
					"$(inherited)",
				);
				GCC_WARN_64_TO_32_BIT_CONVERSION = YES;
				GCC_WARN_ABOUT_RETURN_TYPE = YES_ERROR;
				GCC_WARN_UNDECLARED_SELECTOR = YES;
				GCC_WARN_UNINITIALIZED_AUTOS = YES_AGGRESSIVE;
				GCC_WARN_UNUSED_FUNCTION = YES;
				GCC_WARN_UNUSED_VARIABLE = YES;
				IPHONEOS_DEPLOYMENT_TARGET = 10.0;
				MTL_ENABLE_DEBUG_INFO = YES;
				ONLY_ACTIVE_ARCH = YES;
				SDKROOT = iphoneos;
				TARGETED_DEVICE_FAMILY = "1,2";
			};
			name = Debug;
		};
		5CA48BC51DBDF7C10018E368 /* Release */ = {
			isa = XCBuildConfiguration;
			buildSettings = {
				ALWAYS_SEARCH_USER_PATHS = NO;
				CLANG_ANALYZER_NONNULL = YES;
				CLANG_CXX_LANGUAGE_STANDARD = "gnu++0x";
				CLANG_CXX_LIBRARY = "libc++";
				CLANG_ENABLE_MODULES = YES;
				CLANG_ENABLE_OBJC_ARC = YES;
				CLANG_WARN_BOOL_CONVERSION = YES;
				CLANG_WARN_CONSTANT_CONVERSION = YES;
				CLANG_WARN_DIRECT_OBJC_ISA_USAGE = YES_ERROR;
				CLANG_WARN_DOCUMENTATION_COMMENTS = YES;
				CLANG_WARN_EMPTY_BODY = YES;
				CLANG_WARN_ENUM_CONVERSION = YES;
				CLANG_WARN_INFINITE_RECURSION = YES;
				CLANG_WARN_INT_CONVERSION = YES;
				CLANG_WARN_OBJC_ROOT_CLASS = YES_ERROR;
				CLANG_WARN_SUSPICIOUS_MOVES = YES;
				CLANG_WARN_UNREACHABLE_CODE = YES;
				CLANG_WARN__DUPLICATE_METHOD_MATCH = YES;
				"CODE_SIGN_IDENTITY[sdk=iphoneos*]" = "iPhone Developer";
				COPY_PHASE_STRIP = NO;
				DEBUG_INFORMATION_FORMAT = "dwarf-with-dsym";
				ENABLE_NS_ASSERTIONS = NO;
				ENABLE_STRICT_OBJC_MSGSEND = YES;
				GCC_C_LANGUAGE_STANDARD = gnu99;
				GCC_NO_COMMON_BLOCKS = YES;
				GCC_WARN_64_TO_32_BIT_CONVERSION = YES;
				GCC_WARN_ABOUT_RETURN_TYPE = YES_ERROR;
				GCC_WARN_UNDECLARED_SELECTOR = YES;
				GCC_WARN_UNINITIALIZED_AUTOS = YES_AGGRESSIVE;
				GCC_WARN_UNUSED_FUNCTION = YES;
				GCC_WARN_UNUSED_VARIABLE = YES;
				IPHONEOS_DEPLOYMENT_TARGET = 10.0;
				MTL_ENABLE_DEBUG_INFO = NO;
				SDKROOT = iphoneos;
				TARGETED_DEVICE_FAMILY = "1,2";
				VALIDATE_PRODUCT = YES;
			};
			name = Release;
		};
		5CA48BC71DBDF7C10018E368 /* Debug */ = {
			isa = XCBuildConfiguration;
			buildSettings = {
				ASSETCATALOG_COMPILER_APPICON_NAME = AppIcon;
				DEVELOPMENT_TEAM = UEL8KCF6LJ;
				INFOPLIST_FILE = SHChatUI/Info.plist;
				IPHONEOS_DEPLOYMENT_TARGET = 8.0;
				LD_RUNPATH_SEARCH_PATHS = "$(inherited) @executable_path/Frameworks";
				LIBRARY_SEARCH_PATHS = (
					"$(inherited)",
					"$(PROJECT_DIR)/SHChatUI/SHChatMessageUI/Helper/Audio/VoiceConvert/lib",
				);
				PRODUCT_BUNDLE_IDENTIFIER = com.xinwei.SHChatUI;
				PRODUCT_NAME = "$(TARGET_NAME)";
			};
			name = Debug;
		};
		5CA48BC81DBDF7C10018E368 /* Release */ = {
			isa = XCBuildConfiguration;
			buildSettings = {
				ASSETCATALOG_COMPILER_APPICON_NAME = AppIcon;
				DEVELOPMENT_TEAM = UEL8KCF6LJ;
				INFOPLIST_FILE = SHChatUI/Info.plist;
				IPHONEOS_DEPLOYMENT_TARGET = 8.0;
				LD_RUNPATH_SEARCH_PATHS = "$(inherited) @executable_path/Frameworks";
				LIBRARY_SEARCH_PATHS = (
					"$(inherited)",
					"$(PROJECT_DIR)/SHChatUI/SHChatMessageUI/Helper/Audio/VoiceConvert/lib",
				);
				PRODUCT_BUNDLE_IDENTIFIER = com.xinwei.SHChatUI;
				PRODUCT_NAME = "$(TARGET_NAME)";
			};
			name = Release;
		};
/* End XCBuildConfiguration section */

/* Begin XCConfigurationList section */
		5CA48BAA1DBDF7C10018E368 /* Build configuration list for PBXProject "SHChatUI" */ = {
			isa = XCConfigurationList;
			buildConfigurations = (
				5CA48BC41DBDF7C10018E368 /* Debug */,
				5CA48BC51DBDF7C10018E368 /* Release */,
			);
			defaultConfigurationIsVisible = 0;
			defaultConfigurationName = Release;
		};
		5CA48BC61DBDF7C10018E368 /* Build configuration list for PBXNativeTarget "SHChatUI" */ = {
			isa = XCConfigurationList;
			buildConfigurations = (
				5CA48BC71DBDF7C10018E368 /* Debug */,
				5CA48BC81DBDF7C10018E368 /* Release */,
			);
			defaultConfigurationIsVisible = 0;
		};
/* End XCConfigurationList section */
	};
	rootObject = 5CA48BA71DBDF7C10018E368 /* Project object */;
}
